
Microsoft Visual Studio Solution File, Format Version 12.00
# Visual Studio 14
VisualStudioVersion = 14.0.25420.1
MinimumVisualStudioVersion = 10.0.40219.1
Project("{FAE04EC0-301F-11D3-BF4B-00C04F79EFBC}") = "zFirefoxBrowser", "zFirefoxBrowser\zFirefoxBrowser.csproj", "{9F8C4C2C-6D6B-4869-ABCC-3947111EAD18}"
EndProject
Project("{FAE04EC0-301F-11D3-BF4B-00C04F79EFBC}") = "InstaNonPortable", "..\..\..\Source\Repos\InstaSharp\InstaNonPortable\InstaNonPortable.csproj", "{2001DEE3-524C-4D55-8AC4-3BF35608B35C}"
EndProject
Project("{FAE04EC0-301F-11D3-BF4B-00C04F79EFBC}") = "Browser.Common", "Browser.Common\Browser.Common.csproj", "{C6134F4B-6AB7-4969-9B28-044C473247DC}"
EndProject
Project("{FAE04EC0-301F-11D3-BF4B-00C04F79EFBC}") = "AnyProjFFProcess", "AnyProjFFProcess\AnyProjFFProcess.csproj", "{09B014DC-BFC6-4E41-A7E8-C6B8C285758D}"
EndProject
Project("{FAE04EC0-301F-11D3-BF4B-00C04F79EFBC}") = "IMacroMultyLayout", "IMacroMultyLayout\IMacroMultyLayout.csproj", "{E1263358-1615-4191-A13D-D04D73F136D2}"
EndProject
Project("{FAE04EC0-301F-11D3-BF4B-00C04F79EFBC}") = "Organiser.Common", "Organiser.Common\Organiser.Common.csproj", "{1E10924D-BB32-451B-9444-CCDDFB230F8A}"
EndProject
Project("{FAE04EC0-301F-11D3-BF4B-00C04F79EFBC}") = "AnyProjectBrowserProcess", "AnyProjectBrowserProcess\AnyProjectBrowserProcess.csproj", "{E6DAE4FE-E359-4D5A-81CC-FF233AA99DF9}"
EndProject
Project("{FAE04EC0-301F-11D3-BF4B-00C04F79EFBC}") = "BrowserAndFeatures", "BrowserAndFeatures\BrowserAndFeatures.csproj", "{58CC2783-DE77-4526-8FD5-0BA96AC46226}"
EndProject
Project("{FAE04EC0-301F-11D3-BF4B-00C04F79EFBC}") = "CefGlue.Client", "CefGlue.Client\CefGlue.Client.csproj", "{311984DF-EB92-4B01-B4AD-C7E73A13E271}"
EndProject
Project("{FAE04EC0-301F-11D3-BF4B-00C04F79EFBC}") = "BrowserHost", "BrowserHost\BrowserHost.csproj", "{49DE8815-1834-4DA8-9E06-FE5EA2382C3E}"
EndProject
Project("{FAE04EC0-301F-11D3-BF4B-00C04F79EFBC}") = "BrowserPlugin", "BrowserPlugin\BrowserPlugin.csproj", "{4A08E677-A4A2-4DA1-889D-263DE038A2E0}"
EndProject
Project("{FAE04EC0-301F-11D3-BF4B-00C04F79EFBC}") = "CrawlerAddIn", "Crawler\CrawlerAddIn.csproj", "{509C6ECA-AF36-4276-9B6F-BC59FC2F75AC}"
EndProject
Project("{FAE04EC0-301F-11D3-BF4B-00C04F79EFBC}") = "CrawlerContracts", "CrawlerContracts\CrawlerContracts.csproj", "{3749FA3F-E42D-4E28-A77C-68FE06DCD8D2}"
EndProject
Project("{FAE04EC0-301F-11D3-BF4B-00C04F79EFBC}") = "CrawlerProcess", "CrawlerProcess\CrawlerProcess.csproj", "{7B54432E-FB4C-4452-8590-E8D192D6137C}"
EndProject
Project("{FAE04EC0-301F-11D3-BF4B-00C04F79EFBC}") = "DragDropListview", "DragDropListview\DragDropListview.csproj", "{F2C9DCF4-9C94-4389-9532-E9E7D0412C01}"
EndProject
Project("{FAE04EC0-301F-11D3-BF4B-00C04F79EFBC}") = "Drupal7.Services", "Drupal7.Services\Drupal7.Services.csproj", "{4F6C5819-0EE7-4C69-8012-B0AFA3D901F0}"
EndProject
Project("{FAE04EC0-301F-11D3-BF4B-00C04F79EFBC}") = "GongSolutions.Wpf.DragDrop", "GongSolutions.Wpf.DragDrop\GongSolutions.Wpf.DragDrop.csproj", "{0C6674CC-6D49-414A-9B41-D4E175028FFB}"
EndProject
Project("{FAE04EC0-301F-11D3-BF4B-00C04F79EFBC}") = "GoViral", "GoViral\GoViral.csproj", "{0D0B3748-C24C-464A-B051-B06C983831EF}"
EndProject
Project("{FAE04EC0-301F-11D3-BF4B-00C04F79EFBC}") = "Prospector", "Prospector\Prospector.csproj", "{184DA99D-9077-4A07-B509-79C98D0C52FF}"
EndProject
Project("{FAE04EC0-301F-11D3-BF4B-00C04F79EFBC}") = "RssReader", "RssReader\RssReader.csproj", "{05AC600C-F668-4BFA-8F8A-6DE63D73526F}"
EndProject
Project("{FAE04EC0-301F-11D3-BF4B-00C04F79EFBC}") = "WordPressSharp", "WordPressSharp\WordPressSharp.csproj", "{7A938355-0B6B-48B7-97FB-C0C09015307B}"
EndProject
Project("{FAE04EC0-301F-11D3-BF4B-00C04F79EFBC}") = "WYSIWYG", "WPF WYSIWYG HTML Editor\WYSIWYG.csproj", "{13A55AE8-28AB-4DDB-9BC3-BABFD7D64FEA}"
EndProject
Project("{FAE04EC0-301F-11D3-BF4B-00C04F79EFBC}") = "WPFPieChartTwo", "WPFPieChart\WPFPieChartTwo.csproj", "{59210896-68D1-4A34-91CC-8D015ECA7061}"
EndProject
Project("{FAE04EC0-301F-11D3-BF4B-00C04F79EFBC}") = "SMSPVAPI", "..\plugins\WpfHost\SMSPVAPI\SMSPVAPI.csproj", "{B0533274-1A57-4B0A-9461-CBEB4F3781FB}"
EndProject
Project("{FAE04EC0-301F-11D3-BF4B-00C04F79EFBC}") = "zFirefoxXulBrowser", "zFirefoxXulBrowser\zFirefoxXulBrowser.csproj", "{D472A10B-8E4E-4EE9-AE75-46A4D215D818}"
EndProject
Project("{FAE04EC0-301F-11D3-BF4B-00C04F79EFBC}") = "XulFx", "..\..\..\Documents\Visual Studio 2015\Projects\Firefox Builds\Builds\xulfx\Rebuilt\vmas-xulfx-a340969180cd\XulFx\XulFx.csproj", "{4BA81C79-E01B-47FF-BB34-155A55BD85C6}"
EndProject
Project("{FAE04EC0-301F-11D3-BF4B-00C04F79EFBC}") = "XulFx.Wpf", "..\..\..\Documents\Visual Studio 2015\Projects\Firefox Builds\Builds\xulfx\Rebuilt\vmas-xulfx-a340969180cd\XulFx.Wpf\XulFx.Wpf.csproj", "{10F8B93A-DB19-4182-833B-1488BDC12E6F}"
EndProject
Project("{FAE04EC0-301F-11D3-BF4B-00C04F79EFBC}") = "XulFx.Windows.Forms", "..\..\..\Documents\Visual Studio 2015\Projects\Firefox Builds\Builds\xulfx\Rebuilt\vmas-xulfx-a340969180cd\XulFx.Windows.Forms\XulFx.Windows.Forms.csproj", "{BA6B9A3A-8B9E-467E-A99B-3B666AAE0C90}"
EndProject
Project("{FAE04EC0-301F-11D3-BF4B-00C04F79EFBC}") = "XulFx.Windows.Forms.Embedded", "..\..\..\Documents\Visual Studio 2015\Projects\Firefox Builds\Builds\xulfx\Rebuilt\vmas-xulfx-a340969180cd\XulFx.Windows.Forms.Embedded\XulFx.Windows.Forms.Embedded.csproj", "{75507C54-17E4-4BC1-8F93-269E7DA2DCB9}"
EndProject
Project("{FAE04EC0-301F-11D3-BF4B-00C04F79EFBC}") = "Browseo.Browser", "Browseo.DataAccess\Browseo.Browser.csproj", "{662B6208-5A6F-4688-8FA5-99E3B36ED13B}"
EndProject
Project("{FAE04EC0-301F-11D3-BF4B-00C04F79EFBC}") = "Browmium.WPF", "Browmium.WPF\Browmium.WPF.csproj", "{984AA90D-4B3C-47A1-ADB7-33D6FE14996B}"
EndProject
Project("{FAE04EC0-301F-11D3-BF4B-00C04F79EFBC}") = "BrowseoFX.CMD", "BrowseoFX.CMD\BrowseoFX.CMD.csproj", "{CA877F0E-24EE-4C3A-8F6C-95571E4807C6}"
EndProject
Project("{FAE04EC0-301F-11D3-BF4B-00C04F79EFBC}") = "CefGlue", "..\..\temp\from cristian\cefglue.v3282_webrtc-disabled\src\xilium.cefglue\CefGlue\CefGlue.csproj", "{703FF300-34B9-48D4-A5D6-E741F48D5F95}"
EndProject
Project("{FAE04EC0-301F-11D3-BF4B-00C04F79EFBC}") = "CefGlue.WindowsForms", "..\..\temp\from cristian\cefglue.v3282_webrtc-disabled\src\xilium.cefglue\CefGlue.WindowsForms\CefGlue.WindowsForms.csproj", "{679AF14D-8FF5-4608-BFF8-EC1A7DED04A4}"
EndProject
Project("{FAE04EC0-301F-11D3-BF4B-00C04F79EFBC}") = "CefGlue.Demo.WinForms", "..\..\temp\from cristian\cefglue.v3282_webrtc-disabled\src\xilium.cefglue\CefGlue.Demo.WinForms\CefGlue.Demo.WinForms.csproj", "{F9025CE1-2DF4-409B-8961-A51DFAEAABDD}"
EndProject
Project("{FAE04EC0-301F-11D3-BF4B-00C04F79EFBC}") = "CefGlue.Demo", "..\..\temp\from cristian\cefglue.v3282_webrtc-disabled\src\xilium.cefglue\CefGlue.Demo\CefGlue.Demo.csproj", "{B928A030-E818-4634-9C6B-F9224E996BD6}"
EndProject
Project("{FAE04EC0-301F-11D3-BF4B-00C04F79EFBC}") = "BrowserAndFeatures2", "BrowserAndFeatures2\BrowserAndFeatures2.csproj", "{6A04DFA5-C331-4E46-8B5E-8A547A884706}"
EndProject
Project("{FAE04EC0-301F-11D3-BF4B-00C04F79EFBC}") = "BrowserPlugin2", "BrowserPlugin2\BrowserPlugin2.csproj", "{B4CD57E8-D0B1-4D4B-A660-F47BA5683C1F}"
EndProject
Project("{FAE04EC0-301F-11D3-BF4B-00C04F79EFBC}") = "BrowseoFX.WPF", "BrowseoFX,WPF\BrowseoFX.WPF.csproj", "{F8B2DDD8-DF68-4649-A477-092232A34F60}"
EndProject
Global
	GlobalSection(SolutionConfigurationPlatforms) = preSolution
		Debug|Any CPU = Debug|Any CPU
		Debug|Mixed Platforms = Debug|Mixed Platforms
		Debug|x86 = Debug|x86
		Release|Any CPU = Release|Any CPU
		Release|Mixed Platforms = Release|Mixed Platforms
		Release|x86 = Release|x86
	EndGlobalSection
	GlobalSection(ProjectConfigurationPlatforms) = postSolution
		{9F8C4C2C-6D6B-4869-ABCC-3947111EAD18}.Debug|Any CPU.ActiveCfg = Debug|Any CPU
		{9F8C4C2C-6D6B-4869-ABCC-3947111EAD18}.Debug|Any CPU.Build.0 = Debug|Any CPU
		{9F8C4C2C-6D6B-4869-ABCC-3947111EAD18}.Debug|Mixed Platforms.ActiveCfg = Debug|Any CPU
		{9F8C4C2C-6D6B-4869-ABCC-3947111EAD18}.Debug|Mixed Platforms.Build.0 = Debug|Any CPU
		{9F8C4C2C-6D6B-4869-ABCC-3947111EAD18}.Debug|x86.ActiveCfg = Debug|Any CPU
		{9F8C4C2C-6D6B-4869-ABCC-3947111EAD18}.Debug|x86.Build.0 = Debug|Any CPU
		{9F8C4C2C-6D6B-4869-ABCC-3947111EAD18}.Release|Any CPU.ActiveCfg = Release|Any CPU
		{9F8C4C2C-6D6B-4869-ABCC-3947111EAD18}.Release|Any CPU.Build.0 = Release|Any CPU
		{9F8C4C2C-6D6B-4869-ABCC-3947111EAD18}.Release|Mixed Platforms.ActiveCfg = Release|Any CPU
		{9F8C4C2C-6D6B-4869-ABCC-3947111EAD18}.Release|Mixed Platforms.Build.0 = Release|Any CPU
		{9F8C4C2C-6D6B-4869-ABCC-3947111EAD18}.Release|x86.ActiveCfg = Release|Any CPU
		{9F8C4C2C-6D6B-4869-ABCC-3947111EAD18}.Release|x86.Build.0 = Release|Any CPU
		{2001DEE3-524C-4D55-8AC4-3BF35608B35C}.Debug|Any CPU.ActiveCfg = Debug|Any CPU
		{2001DEE3-524C-4D55-8AC4-3BF35608B35C}.Debug|Any CPU.Build.0 = Debug|Any CPU
		{2001DEE3-524C-4D55-8AC4-3BF35608B35C}.Debug|Mixed Platforms.ActiveCfg = Debug|Any CPU
		{2001DEE3-524C-4D55-8AC4-3BF35608B35C}.Debug|Mixed Platforms.Build.0 = Debug|Any CPU
		{2001DEE3-524C-4D55-8AC4-3BF35608B35C}.Debug|x86.ActiveCfg = Debug|Any CPU
		{2001DEE3-524C-4D55-8AC4-3BF35608B35C}.Debug|x86.Build.0 = Debug|Any CPU
		{2001DEE3-524C-4D55-8AC4-3BF35608B35C}.Release|Any CPU.ActiveCfg = Release|Any CPU
		{2001DEE3-524C-4D55-8AC4-3BF35608B35C}.Release|Any CPU.Build.0 = Release|Any CPU
		{2001DEE3-524C-4D55-8AC4-3BF35608B35C}.Release|Mixed Platforms.ActiveCfg = Release|Any CPU
		{2001DEE3-524C-4D55-8AC4-3BF35608B35C}.Release|Mixed Platforms.Build.0 = Release|Any CPU
		{2001DEE3-524C-4D55-8AC4-3BF35608B35C}.Release|x86.ActiveCfg = Release|Any CPU
		{2001DEE3-524C-4D55-8AC4-3BF35608B35C}.Release|x86.Build.0 = Release|Any CPU
		{C6134F4B-6AB7-4969-9B28-044C473247DC}.Debug|Any CPU.ActiveCfg = Debug|Any CPU
		{C6134F4B-6AB7-4969-9B28-044C473247DC}.Debug|Any CPU.Build.0 = Debug|Any CPU
		{C6134F4B-6AB7-4969-9B28-044C473247DC}.Debug|Mixed Platforms.ActiveCfg = Debug|Any CPU
		{C6134F4B-6AB7-4969-9B28-044C473247DC}.Debug|Mixed Platforms.Build.0 = Debug|Any CPU
		{C6134F4B-6AB7-4969-9B28-044C473247DC}.Debug|x86.ActiveCfg = Debug|Any CPU
		{C6134F4B-6AB7-4969-9B28-044C473247DC}.Debug|x86.Build.0 = Debug|Any CPU
		{C6134F4B-6AB7-4969-9B28-044C473247DC}.Release|Any CPU.ActiveCfg = Release|Any CPU
		{C6134F4B-6AB7-4969-9B28-044C473247DC}.Release|Any CPU.Build.0 = Release|Any CPU
		{C6134F4B-6AB7-4969-9B28-044C473247DC}.Release|Mixed Platforms.ActiveCfg = Release|Any CPU
		{C6134F4B-6AB7-4969-9B28-044C473247DC}.Release|Mixed Platforms.Build.0 = Release|Any CPU
		{C6134F4B-6AB7-4969-9B28-044C473247DC}.Release|x86.ActiveCfg = Release|Any CPU
		{C6134F4B-6AB7-4969-9B28-044C473247DC}.Release|x86.Build.0 = Release|Any CPU
		{09B014DC-BFC6-4E41-A7E8-C6B8C285758D}.Debug|Any CPU.ActiveCfg = Debug|Any CPU
		{09B014DC-BFC6-4E41-A7E8-C6B8C285758D}.Debug|Any CPU.Build.0 = Debug|Any CPU
		{09B014DC-BFC6-4E41-A7E8-C6B8C285758D}.Debug|Mixed Platforms.ActiveCfg = Debug|Any CPU
		{09B014DC-BFC6-4E41-A7E8-C6B8C285758D}.Debug|Mixed Platforms.Build.0 = Debug|Any CPU
		{09B014DC-BFC6-4E41-A7E8-C6B8C285758D}.Debug|x86.ActiveCfg = Debug|x86
		{09B014DC-BFC6-4E41-A7E8-C6B8C285758D}.Debug|x86.Build.0 = Debug|x86
		{09B014DC-BFC6-4E41-A7E8-C6B8C285758D}.Release|Any CPU.ActiveCfg = Release|Any CPU
		{09B014DC-BFC6-4E41-A7E8-C6B8C285758D}.Release|Any CPU.Build.0 = Release|Any CPU
		{09B014DC-BFC6-4E41-A7E8-C6B8C285758D}.Release|Mixed Platforms.ActiveCfg = Release|Any CPU
		{09B014DC-BFC6-4E41-A7E8-C6B8C285758D}.Release|Mixed Platforms.Build.0 = Release|Any CPU
		{09B014DC-BFC6-4E41-A7E8-C6B8C285758D}.Release|x86.ActiveCfg = Release|x86
		{09B014DC-BFC6-4E41-A7E8-C6B8C285758D}.Release|x86.Build.0 = Release|x86
		{E1263358-1615-4191-A13D-D04D73F136D2}.Debug|Any CPU.ActiveCfg = Debug|Any CPU
		{E1263358-1615-4191-A13D-D04D73F136D2}.Debug|Any CPU.Build.0 = Debug|Any CPU
		{E1263358-1615-4191-A13D-D04D73F136D2}.Debug|Mixed Platforms.ActiveCfg = Debug|Any CPU
		{E1263358-1615-4191-A13D-D04D73F136D2}.Debug|Mixed Platforms.Build.0 = Debug|Any CPU
		{E1263358-1615-4191-A13D-D04D73F136D2}.Debug|x86.ActiveCfg = Debug|Any CPU
		{E1263358-1615-4191-A13D-D04D73F136D2}.Debug|x86.Build.0 = Debug|Any CPU
		{E1263358-1615-4191-A13D-D04D73F136D2}.Release|Any CPU.ActiveCfg = Release|Any CPU
		{E1263358-1615-4191-A13D-D04D73F136D2}.Release|Any CPU.Build.0 = Release|Any CPU
		{E1263358-1615-4191-A13D-D04D73F136D2}.Release|Mixed Platforms.ActiveCfg = Release|Any CPU
		{E1263358-1615-4191-A13D-D04D73F136D2}.Release|Mixed Platforms.Build.0 = Release|Any CPU
		{E1263358-1615-4191-A13D-D04D73F136D2}.Release|x86.ActiveCfg = Release|Any CPU
		{E1263358-1615-4191-A13D-D04D73F136D2}.Release|x86.Build.0 = Release|Any CPU
		{1E10924D-BB32-451B-9444-CCDDFB230F8A}.Debug|Any CPU.ActiveCfg = Debug|Any CPU
		{1E10924D-BB32-451B-9444-CCDDFB230F8A}.Debug|Any CPU.Build.0 = Debug|Any CPU
		{1E10924D-BB32-451B-9444-CCDDFB230F8A}.Debug|Mixed Platforms.ActiveCfg = Debug|Any CPU
		{1E10924D-BB32-451B-9444-CCDDFB230F8A}.Debug|Mixed Platforms.Build.0 = Debug|Any CPU
		{1E10924D-BB32-451B-9444-CCDDFB230F8A}.Debug|x86.ActiveCfg = Debug|Any CPU
		{1E10924D-BB32-451B-9444-CCDDFB230F8A}.Debug|x86.Build.0 = Debug|Any CPU
		{1E10924D-BB32-451B-9444-CCDDFB230F8A}.Release|Any CPU.ActiveCfg = Release|Any CPU
		{1E10924D-BB32-451B-9444-CCDDFB230F8A}.Release|Any CPU.Build.0 = Release|Any CPU
		{1E10924D-BB32-451B-9444-CCDDFB230F8A}.Release|Mixed Platforms.ActiveCfg = Release|Any CPU
		{1E10924D-BB32-451B-9444-CCDDFB230F8A}.Release|Mixed Platforms.Build.0 = Release|Any CPU
		{1E10924D-BB32-451B-9444-CCDDFB230F8A}.Release|x86.ActiveCfg = Release|Any CPU
		{1E10924D-BB32-451B-9444-CCDDFB230F8A}.Release|x86.Build.0 = Release|Any CPU
		{E6DAE4FE-E359-4D5A-81CC-FF233AA99DF9}.Debug|Any CPU.ActiveCfg = Debug|Any CPU
		{E6DAE4FE-E359-4D5A-81CC-FF233AA99DF9}.Debug|Any CPU.Build.0 = Debug|Any CPU
		{E6DAE4FE-E359-4D5A-81CC-FF233AA99DF9}.Debug|Mixed Platforms.ActiveCfg = Debug|x86
		{E6DAE4FE-E359-4D5A-81CC-FF233AA99DF9}.Debug|Mixed Platforms.Build.0 = Debug|x86
		{E6DAE4FE-E359-4D5A-81CC-FF233AA99DF9}.Debug|x86.ActiveCfg = Debug|x86
		{E6DAE4FE-E359-4D5A-81CC-FF233AA99DF9}.Debug|x86.Build.0 = Debug|x86
		{E6DAE4FE-E359-4D5A-81CC-FF233AA99DF9}.Release|Any CPU.ActiveCfg = Release|Any CPU
		{E6DAE4FE-E359-4D5A-81CC-FF233AA99DF9}.Release|Any CPU.Build.0 = Release|Any CPU
		{E6DAE4FE-E359-4D5A-81CC-FF233AA99DF9}.Release|Mixed Platforms.ActiveCfg = Release|x86
		{E6DAE4FE-E359-4D5A-81CC-FF233AA99DF9}.Release|Mixed Platforms.Build.0 = Release|x86
		{E6DAE4FE-E359-4D5A-81CC-FF233AA99DF9}.Release|x86.ActiveCfg = Release|x86
		{E6DAE4FE-E359-4D5A-81CC-FF233AA99DF9}.Release|x86.Build.0 = Release|x86
		{58CC2783-DE77-4526-8FD5-0BA96AC46226}.Debug|Any CPU.ActiveCfg = Debug|Any CPU
		{58CC2783-DE77-4526-8FD5-0BA96AC46226}.Debug|Any CPU.Build.0 = Debug|Any CPU
		{58CC2783-DE77-4526-8FD5-0BA96AC46226}.Debug|Mixed Platforms.ActiveCfg = Debug|x86
		{58CC2783-DE77-4526-8FD5-0BA96AC46226}.Debug|Mixed Platforms.Build.0 = Debug|x86
		{58CC2783-DE77-4526-8FD5-0BA96AC46226}.Debug|x86.ActiveCfg = Debug|x86
		{58CC2783-DE77-4526-8FD5-0BA96AC46226}.Debug|x86.Build.0 = Debug|x86
		{58CC2783-DE77-4526-8FD5-0BA96AC46226}.Release|Any CPU.ActiveCfg = Release|Any CPU
		{58CC2783-DE77-4526-8FD5-0BA96AC46226}.Release|Any CPU.Build.0 = Release|Any CPU
		{58CC2783-DE77-4526-8FD5-0BA96AC46226}.Release|Mixed Platforms.ActiveCfg = Release|x86
		{58CC2783-DE77-4526-8FD5-0BA96AC46226}.Release|Mixed Platforms.Build.0 = Release|x86
		{58CC2783-DE77-4526-8FD5-0BA96AC46226}.Release|x86.ActiveCfg = Release|x86
		{58CC2783-DE77-4526-8FD5-0BA96AC46226}.Release|x86.Build.0 = Release|x86
		{311984DF-EB92-4B01-B4AD-C7E73A13E271}.Debug|Any CPU.ActiveCfg = Debug|Any CPU
		{311984DF-EB92-4B01-B4AD-C7E73A13E271}.Debug|Any CPU.Build.0 = Debug|Any CPU
		{311984DF-EB92-4B01-B4AD-C7E73A13E271}.Debug|Mixed Platforms.ActiveCfg = Debug|x86
		{311984DF-EB92-4B01-B4AD-C7E73A13E271}.Debug|Mixed Platforms.Build.0 = Debug|x86
		{311984DF-EB92-4B01-B4AD-C7E73A13E271}.Debug|x86.ActiveCfg = Debug|x86
		{311984DF-EB92-4B01-B4AD-C7E73A13E271}.Debug|x86.Build.0 = Debug|x86
		{311984DF-EB92-4B01-B4AD-C7E73A13E271}.Release|Any CPU.ActiveCfg = Release|Any CPU
		{311984DF-EB92-4B01-B4AD-C7E73A13E271}.Release|Any CPU.Build.0 = Release|Any CPU
		{311984DF-EB92-4B01-B4AD-C7E73A13E271}.Release|Mixed Platforms.ActiveCfg = Release|x86
		{311984DF-EB92-4B01-B4AD-C7E73A13E271}.Release|Mixed Platforms.Build.0 = Release|x86
		{311984DF-EB92-4B01-B4AD-C7E73A13E271}.Release|x86.ActiveCfg = Release|x86
		{311984DF-EB92-4B01-B4AD-C7E73A13E271}.Release|x86.Build.0 = Release|x86
		{49DE8815-1834-4DA8-9E06-FE5EA2382C3E}.Debug|Any CPU.ActiveCfg = Debug|Any CPU
		{49DE8815-1834-4DA8-9E06-FE5EA2382C3E}.Debug|Any CPU.Build.0 = Debug|Any CPU
		{49DE8815-1834-4DA8-9E06-FE5EA2382C3E}.Debug|Mixed Platforms.ActiveCfg = Debug|x86
		{49DE8815-1834-4DA8-9E06-FE5EA2382C3E}.Debug|Mixed Platforms.Build.0 = Debug|x86
		{49DE8815-1834-4DA8-9E06-FE5EA2382C3E}.Debug|x86.ActiveCfg = Debug|x86
		{49DE8815-1834-4DA8-9E06-FE5EA2382C3E}.Debug|x86.Build.0 = Debug|x86
		{49DE8815-1834-4DA8-9E06-FE5EA2382C3E}.Release|Any CPU.ActiveCfg = Release|Any CPU
		{49DE8815-1834-4DA8-9E06-FE5EA2382C3E}.Release|Any CPU.Build.0 = Release|Any CPU
		{49DE8815-1834-4DA8-9E06-FE5EA2382C3E}.Release|Mixed Platforms.ActiveCfg = Release|x86
		{49DE8815-1834-4DA8-9E06-FE5EA2382C3E}.Release|Mixed Platforms.Build.0 = Release|x86
		{49DE8815-1834-4DA8-9E06-FE5EA2382C3E}.Release|x86.ActiveCfg = Release|x86
		{49DE8815-1834-4DA8-9E06-FE5EA2382C3E}.Release|x86.Build.0 = Release|x86
		{4A08E677-A4A2-4DA1-889D-263DE038A2E0}.Debug|Any CPU.ActiveCfg = Debug|Any CPU
		{4A08E677-A4A2-4DA1-889D-263DE038A2E0}.Debug|Any CPU.Build.0 = Debug|Any CPU
		{4A08E677-A4A2-4DA1-889D-263DE038A2E0}.Debug|Mixed Platforms.ActiveCfg = Debug|x86
		{4A08E677-A4A2-4DA1-889D-263DE038A2E0}.Debug|Mixed Platforms.Build.0 = Debug|x86
		{4A08E677-A4A2-4DA1-889D-263DE038A2E0}.Debug|x86.ActiveCfg = Debug|x86
		{4A08E677-A4A2-4DA1-889D-263DE038A2E0}.Debug|x86.Build.0 = Debug|x86
		{4A08E677-A4A2-4DA1-889D-263DE038A2E0}.Release|Any CPU.ActiveCfg = Release|Any CPU
		{4A08E677-A4A2-4DA1-889D-263DE038A2E0}.Release|Any CPU.Build.0 = Release|Any CPU
		{4A08E677-A4A2-4DA1-889D-263DE038A2E0}.Release|Mixed Platforms.ActiveCfg = Release|x86
		{4A08E677-A4A2-4DA1-889D-263DE038A2E0}.Release|Mixed Platforms.Build.0 = Release|x86
		{4A08E677-A4A2-4DA1-889D-263DE038A2E0}.Release|x86.ActiveCfg = Release|x86
		{4A08E677-A4A2-4DA1-889D-263DE038A2E0}.Release|x86.Build.0 = Release|x86
		{509C6ECA-AF36-4276-9B6F-BC59FC2F75AC}.Debug|Any CPU.ActiveCfg = Debug|Any CPU
		{509C6ECA-AF36-4276-9B6F-BC59FC2F75AC}.Debug|Any CPU.Build.0 = Debug|Any CPU
		{509C6ECA-AF36-4276-9B6F-BC59FC2F75AC}.Debug|Mixed Platforms.ActiveCfg = Debug|Any CPU
		{509C6ECA-AF36-4276-9B6F-BC59FC2F75AC}.Debug|Mixed Platforms.Build.0 = Debug|Any CPU
		{509C6ECA-AF36-4276-9B6F-BC59FC2F75AC}.Debug|x86.ActiveCfg = Debug|Any CPU
		{509C6ECA-AF36-4276-9B6F-BC59FC2F75AC}.Debug|x86.Build.0 = Debug|Any CPU
		{509C6ECA-AF36-4276-9B6F-BC59FC2F75AC}.Release|Any CPU.ActiveCfg = Release|Any CPU
		{509C6ECA-AF36-4276-9B6F-BC59FC2F75AC}.Release|Any CPU.Build.0 = Release|Any CPU
		{509C6ECA-AF36-4276-9B6F-BC59FC2F75AC}.Release|Mixed Platforms.ActiveCfg = Release|Any CPU
		{509C6ECA-AF36-4276-9B6F-BC59FC2F75AC}.Release|Mixed Platforms.Build.0 = Release|Any CPU
		{509C6ECA-AF36-4276-9B6F-BC59FC2F75AC}.Release|x86.ActiveCfg = Release|Any CPU
		{509C6ECA-AF36-4276-9B6F-BC59FC2F75AC}.Release|x86.Build.0 = Release|Any CPU
		{3749FA3F-E42D-4E28-A77C-68FE06DCD8D2}.Debug|Any CPU.ActiveCfg = Debug|Any CPU
		{3749FA3F-E42D-4E28-A77C-68FE06DCD8D2}.Debug|Any CPU.Build.0 = Debug|Any CPU
		{3749FA3F-E42D-4E28-A77C-68FE06DCD8D2}.Debug|Mixed Platforms.ActiveCfg = Debug|Any CPU
		{3749FA3F-E42D-4E28-A77C-68FE06DCD8D2}.Debug|Mixed Platforms.Build.0 = Debug|Any CPU
		{3749FA3F-E42D-4E28-A77C-68FE06DCD8D2}.Debug|x86.ActiveCfg = Debug|Any CPU
		{3749FA3F-E42D-4E28-A77C-68FE06DCD8D2}.Debug|x86.Build.0 = Debug|Any CPU
		{3749FA3F-E42D-4E28-A77C-68FE06DCD8D2}.Release|Any CPU.ActiveCfg = Release|Any CPU
		{3749FA3F-E42D-4E28-A77C-68FE06DCD8D2}.Release|Any CPU.Build.0 = Release|Any CPU
		{3749FA3F-E42D-4E28-A77C-68FE06DCD8D2}.Release|Mixed Platforms.ActiveCfg = Release|Any CPU
		{3749FA3F-E42D-4E28-A77C-68FE06DCD8D2}.Release|Mixed Platforms.Build.0 = Release|Any CPU
		{3749FA3F-E42D-4E28-A77C-68FE06DCD8D2}.Release|x86.ActiveCfg = Release|Any CPU
		{3749FA3F-E42D-4E28-A77C-68FE06DCD8D2}.Release|x86.Build.0 = Release|Any CPU
		{7B54432E-FB4C-4452-8590-E8D192D6137C}.Debug|Any CPU.ActiveCfg = Debug|Any CPU
		{7B54432E-FB4C-4452-8590-E8D192D6137C}.Debug|Any CPU.Build.0 = Debug|Any CPU
		{7B54432E-FB4C-4452-8590-E8D192D6137C}.Debug|Mixed Platforms.ActiveCfg = Debug|Any CPU
		{7B54432E-FB4C-4452-8590-E8D192D6137C}.Debug|Mixed Platforms.Build.0 = Debug|Any CPU
		{7B54432E-FB4C-4452-8590-E8D192D6137C}.Debug|x86.ActiveCfg = Debug|Any CPU
		{7B54432E-FB4C-4452-8590-E8D192D6137C}.Debug|x86.Build.0 = Debug|Any CPU
		{7B54432E-FB4C-4452-8590-E8D192D6137C}.Release|Any CPU.ActiveCfg = Release|Any CPU
		{7B54432E-FB4C-4452-8590-E8D192D6137C}.Release|Any CPU.Build.0 = Release|Any CPU
		{7B54432E-FB4C-4452-8590-E8D192D6137C}.Release|Mixed Platforms.ActiveCfg = Release|Any CPU
		{7B54432E-FB4C-4452-8590-E8D192D6137C}.Release|Mixed Platforms.Build.0 = Release|Any CPU
		{7B54432E-FB4C-4452-8590-E8D192D6137C}.Release|x86.ActiveCfg = Release|Any CPU
		{7B54432E-FB4C-4452-8590-E8D192D6137C}.Release|x86.Build.0 = Release|Any CPU
		{F2C9DCF4-9C94-4389-9532-E9E7D0412C01}.Debug|Any CPU.ActiveCfg = Debug|Any CPU
		{F2C9DCF4-9C94-4389-9532-E9E7D0412C01}.Debug|Any CPU.Build.0 = Debug|Any CPU
		{F2C9DCF4-9C94-4389-9532-E9E7D0412C01}.Debug|Mixed Platforms.ActiveCfg = Debug|Any CPU
		{F2C9DCF4-9C94-4389-9532-E9E7D0412C01}.Debug|Mixed Platforms.Build.0 = Debug|Any CPU
		{F2C9DCF4-9C94-4389-9532-E9E7D0412C01}.Debug|x86.ActiveCfg = Debug|Any CPU
		{F2C9DCF4-9C94-4389-9532-E9E7D0412C01}.Debug|x86.Build.0 = Debug|Any CPU
		{F2C9DCF4-9C94-4389-9532-E9E7D0412C01}.Release|Any CPU.ActiveCfg = Release|Any CPU
		{F2C9DCF4-9C94-4389-9532-E9E7D0412C01}.Release|Any CPU.Build.0 = Release|Any CPU
		{F2C9DCF4-9C94-4389-9532-E9E7D0412C01}.Release|Mixed Platforms.ActiveCfg = Release|Any CPU
		{F2C9DCF4-9C94-4389-9532-E9E7D0412C01}.Release|Mixed Platforms.Build.0 = Release|Any CPU
		{F2C9DCF4-9C94-4389-9532-E9E7D0412C01}.Release|x86.ActiveCfg = Release|Any CPU
		{F2C9DCF4-9C94-4389-9532-E9E7D0412C01}.Release|x86.Build.0 = Release|Any CPU
		{4F6C5819-0EE7-4C69-8012-B0AFA3D901F0}.Debug|Any CPU.ActiveCfg = Debug|Any CPU
		{4F6C5819-0EE7-4C69-8012-B0AFA3D901F0}.Debug|Any CPU.Build.0 = Debug|Any CPU
		{4F6C5819-0EE7-4C69-8012-B0AFA3D901F0}.Debug|Mixed Platforms.ActiveCfg = Debug|Any CPU
		{4F6C5819-0EE7-4C69-8012-B0AFA3D901F0}.Debug|Mixed Platforms.Build.0 = Debug|Any CPU
		{4F6C5819-0EE7-4C69-8012-B0AFA3D901F0}.Debug|x86.ActiveCfg = Debug|Any CPU
		{4F6C5819-0EE7-4C69-8012-B0AFA3D901F0}.Debug|x86.Build.0 = Debug|Any CPU
		{4F6C5819-0EE7-4C69-8012-B0AFA3D901F0}.Release|Any CPU.ActiveCfg = Release|Any CPU
		{4F6C5819-0EE7-4C69-8012-B0AFA3D901F0}.Release|Any CPU.Build.0 = Release|Any CPU
		{4F6C5819-0EE7-4C69-8012-B0AFA3D901F0}.Release|Mixed Platforms.ActiveCfg = Release|Any CPU
		{4F6C5819-0EE7-4C69-8012-B0AFA3D901F0}.Release|Mixed Platforms.Build.0 = Release|Any CPU
		{4F6C5819-0EE7-4C69-8012-B0AFA3D901F0}.Release|x86.ActiveCfg = Release|Any CPU
		{4F6C5819-0EE7-4C69-8012-B0AFA3D901F0}.Release|x86.Build.0 = Release|Any CPU
		{0C6674CC-6D49-414A-9B41-D4E175028FFB}.Debug|Any CPU.ActiveCfg = Debug|Any CPU
		{0C6674CC-6D49-414A-9B41-D4E175028FFB}.Debug|Any CPU.Build.0 = Debug|Any CPU
		{0C6674CC-6D49-414A-9B41-D4E175028FFB}.Debug|Mixed Platforms.ActiveCfg = Debug|Any CPU
		{0C6674CC-6D49-414A-9B41-D4E175028FFB}.Debug|Mixed Platforms.Build.0 = Debug|Any CPU
		{0C6674CC-6D49-414A-9B41-D4E175028FFB}.Debug|x86.ActiveCfg = Debug|Any CPU
		{0C6674CC-6D49-414A-9B41-D4E175028FFB}.Debug|x86.Build.0 = Debug|Any CPU
		{0C6674CC-6D49-414A-9B41-D4E175028FFB}.Release|Any CPU.ActiveCfg = Release|Any CPU
		{0C6674CC-6D49-414A-9B41-D4E175028FFB}.Release|Any CPU.Build.0 = Release|Any CPU
		{0C6674CC-6D49-414A-9B41-D4E175028FFB}.Release|Mixed Platforms.ActiveCfg = Release|Any CPU
		{0C6674CC-6D49-414A-9B41-D4E175028FFB}.Release|Mixed Platforms.Build.0 = Release|Any CPU
		{0C6674CC-6D49-414A-9B41-D4E175028FFB}.Release|x86.ActiveCfg = Release|Any CPU
		{0C6674CC-6D49-414A-9B41-D4E175028FFB}.Release|x86.Build.0 = Release|Any CPU
		{0D0B3748-C24C-464A-B051-B06C983831EF}.Debug|Any CPU.ActiveCfg = Debug|Any CPU
		{0D0B3748-C24C-464A-B051-B06C983831EF}.Debug|Any CPU.Build.0 = Debug|Any CPU
		{0D0B3748-C24C-464A-B051-B06C983831EF}.Debug|Mixed Platforms.ActiveCfg = Debug|Any CPU
		{0D0B3748-C24C-464A-B051-B06C983831EF}.Debug|Mixed Platforms.Build.0 = Debug|Any CPU
		{0D0B3748-C24C-464A-B051-B06C983831EF}.Debug|x86.ActiveCfg = Debug|Any CPU
		{0D0B3748-C24C-464A-B051-B06C983831EF}.Debug|x86.Build.0 = Debug|Any CPU
		{0D0B3748-C24C-464A-B051-B06C983831EF}.Release|Any CPU.ActiveCfg = Release|Any CPU
		{0D0B3748-C24C-464A-B051-B06C983831EF}.Release|Any CPU.Build.0 = Release|Any CPU
		{0D0B3748-C24C-464A-B051-B06C983831EF}.Release|Mixed Platforms.ActiveCfg = Release|Any CPU
		{0D0B3748-C24C-464A-B051-B06C983831EF}.Release|Mixed Platforms.Build.0 = Release|Any CPU
		{0D0B3748-C24C-464A-B051-B06C983831EF}.Release|x86.ActiveCfg = Release|Any CPU
		{0D0B3748-C24C-464A-B051-B06C983831EF}.Release|x86.Build.0 = Release|Any CPU
		{184DA99D-9077-4A07-B509-79C98D0C52FF}.Debug|Any CPU.ActiveCfg = Debug|Any CPU
		{184DA99D-9077-4A07-B509-79C98D0C52FF}.Debug|Any CPU.Build.0 = Debug|Any CPU
		{184DA99D-9077-4A07-B509-79C98D0C52FF}.Debug|Mixed Platforms.ActiveCfg = Debug|Any CPU
		{184DA99D-9077-4A07-B509-79C98D0C52FF}.Debug|Mixed Platforms.Build.0 = Debug|Any CPU
		{184DA99D-9077-4A07-B509-79C98D0C52FF}.Debug|x86.ActiveCfg = Debug|Any CPU
		{184DA99D-9077-4A07-B509-79C98D0C52FF}.Debug|x86.Build.0 = Debug|Any CPU
		{184DA99D-9077-4A07-B509-79C98D0C52FF}.Release|Any CPU.ActiveCfg = Release|Any CPU
		{184DA99D-9077-4A07-B509-79C98D0C52FF}.Release|Any CPU.Build.0 = Release|Any CPU
		{184DA99D-9077-4A07-B509-79C98D0C52FF}.Release|Mixed Platforms.ActiveCfg = Release|Any CPU
		{184DA99D-9077-4A07-B509-79C98D0C52FF}.Release|Mixed Platforms.Build.0 = Release|Any CPU
		{184DA99D-9077-4A07-B509-79C98D0C52FF}.Release|x86.ActiveCfg = Release|Any CPU
		{184DA99D-9077-4A07-B509-79C98D0C52FF}.Release|x86.Build.0 = Release|Any CPU
		{05AC600C-F668-4BFA-8F8A-6DE63D73526F}.Debug|Any CPU.ActiveCfg = Debug|Any CPU
		{05AC600C-F668-4BFA-8F8A-6DE63D73526F}.Debug|Any CPU.Build.0 = Debug|Any CPU
		{05AC600C-F668-4BFA-8F8A-6DE63D73526F}.Debug|Mixed Platforms.ActiveCfg = Debug|Any CPU
		{05AC600C-F668-4BFA-8F8A-6DE63D73526F}.Debug|Mixed Platforms.Build.0 = Debug|Any CPU
		{05AC600C-F668-4BFA-8F8A-6DE63D73526F}.Debug|x86.ActiveCfg = Debug|Any CPU
		{05AC600C-F668-4BFA-8F8A-6DE63D73526F}.Debug|x86.Build.0 = Debug|Any CPU
		{05AC600C-F668-4BFA-8F8A-6DE63D73526F}.Release|Any CPU.ActiveCfg = Release|Any CPU
		{05AC600C-F668-4BFA-8F8A-6DE63D73526F}.Release|Any CPU.Build.0 = Release|Any CPU
		{05AC600C-F668-4BFA-8F8A-6DE63D73526F}.Release|Mixed Platforms.ActiveCfg = Release|Any CPU
		{05AC600C-F668-4BFA-8F8A-6DE63D73526F}.Release|Mixed Platforms.Build.0 = Release|Any CPU
		{05AC600C-F668-4BFA-8F8A-6DE63D73526F}.Release|x86.ActiveCfg = Release|Any CPU
		{05AC600C-F668-4BFA-8F8A-6DE63D73526F}.Release|x86.Build.0 = Release|Any CPU
		{7A938355-0B6B-48B7-97FB-C0C09015307B}.Debug|Any CPU.ActiveCfg = Debug|Any CPU
		{7A938355-0B6B-48B7-97FB-C0C09015307B}.Debug|Any CPU.Build.0 = Debug|Any CPU
		{7A938355-0B6B-48B7-97FB-C0C09015307B}.Debug|Mixed Platforms.ActiveCfg = Debug|Any CPU
		{7A938355-0B6B-48B7-97FB-C0C09015307B}.Debug|Mixed Platforms.Build.0 = Debug|Any CPU
		{7A938355-0B6B-48B7-97FB-C0C09015307B}.Debug|x86.ActiveCfg = Debug|Any CPU
		{7A938355-0B6B-48B7-97FB-C0C09015307B}.Debug|x86.Build.0 = Debug|Any CPU
		{7A938355-0B6B-48B7-97FB-C0C09015307B}.Release|Any CPU.ActiveCfg = Release|Any CPU
		{7A938355-0B6B-48B7-97FB-C0C09015307B}.Release|Any CPU.Build.0 = Release|Any CPU
		{7A938355-0B6B-48B7-97FB-C0C09015307B}.Release|Mixed Platforms.ActiveCfg = Release|Any CPU
		{7A938355-0B6B-48B7-97FB-C0C09015307B}.Release|Mixed Platforms.Build.0 = Release|Any CPU
		{7A938355-0B6B-48B7-97FB-C0C09015307B}.Release|x86.ActiveCfg = Release|Any CPU
		{7A938355-0B6B-48B7-97FB-C0C09015307B}.Release|x86.Build.0 = Release|Any CPU
		{13A55AE8-28AB-4DDB-9BC3-BABFD7D64FEA}.Debug|Any CPU.ActiveCfg = Debug|Any CPU
		{13A55AE8-28AB-4DDB-9BC3-BABFD7D64FEA}.Debug|Any CPU.Build.0 = Debug|Any CPU
		{13A55AE8-28AB-4DDB-9BC3-BABFD7D64FEA}.Debug|Mixed Platforms.ActiveCfg = Debug|Any CPU
		{13A55AE8-28AB-4DDB-9BC3-BABFD7D64FEA}.Debug|Mixed Platforms.Build.0 = Debug|Any CPU
		{13A55AE8-28AB-4DDB-9BC3-BABFD7D64FEA}.Debug|x86.ActiveCfg = Debug|Any CPU
		{13A55AE8-28AB-4DDB-9BC3-BABFD7D64FEA}.Debug|x86.Build.0 = Debug|Any CPU
		{13A55AE8-28AB-4DDB-9BC3-BABFD7D64FEA}.Release|Any CPU.ActiveCfg = Release|Any CPU
		{13A55AE8-28AB-4DDB-9BC3-BABFD7D64FEA}.Release|Any CPU.Build.0 = Release|Any CPU
		{13A55AE8-28AB-4DDB-9BC3-BABFD7D64FEA}.Release|Mixed Platforms.ActiveCfg = Release|Any CPU
		{13A55AE8-28AB-4DDB-9BC3-BABFD7D64FEA}.Release|Mixed Platforms.Build.0 = Release|Any CPU
		{13A55AE8-28AB-4DDB-9BC3-BABFD7D64FEA}.Release|x86.ActiveCfg = Release|Any CPU
		{13A55AE8-28AB-4DDB-9BC3-BABFD7D64FEA}.Release|x86.Build.0 = Release|Any CPU
		{59210896-68D1-4A34-91CC-8D015ECA7061}.Debug|Any CPU.ActiveCfg = Debug|Any CPU
		{59210896-68D1-4A34-91CC-8D015ECA7061}.Debug|Any CPU.Build.0 = Debug|Any CPU
		{59210896-68D1-4A34-91CC-8D015ECA7061}.Debug|Mixed Platforms.ActiveCfg = Debug|x86
		{59210896-68D1-4A34-91CC-8D015ECA7061}.Debug|Mixed Platforms.Build.0 = Debug|x86
		{59210896-68D1-4A34-91CC-8D015ECA7061}.Debug|x86.ActiveCfg = Debug|x86
		{59210896-68D1-4A34-91CC-8D015ECA7061}.Debug|x86.Build.0 = Debug|x86
		{59210896-68D1-4A34-91CC-8D015ECA7061}.Release|Any CPU.ActiveCfg = Release|Any CPU
		{59210896-68D1-4A34-91CC-8D015ECA7061}.Release|Any CPU.Build.0 = Release|Any CPU
		{59210896-68D1-4A34-91CC-8D015ECA7061}.Release|Mixed Platforms.ActiveCfg = Release|x86
		{59210896-68D1-4A34-91CC-8D015ECA7061}.Release|Mixed Platforms.Build.0 = Release|x86
		{59210896-68D1-4A34-91CC-8D015ECA7061}.Release|x86.ActiveCfg = Release|x86
		{59210896-68D1-4A34-91CC-8D015ECA7061}.Release|x86.Build.0 = Release|x86
		{B0533274-1A57-4B0A-9461-CBEB4F3781FB}.Debug|Any CPU.ActiveCfg = Debug|Any CPU
		{B0533274-1A57-4B0A-9461-CBEB4F3781FB}.Debug|Any CPU.Build.0 = Debug|Any CPU
		{B0533274-1A57-4B0A-9461-CBEB4F3781FB}.Debug|Mixed Platforms.ActiveCfg = Debug|Any CPU
		{B0533274-1A57-4B0A-9461-CBEB4F3781FB}.Debug|Mixed Platforms.Build.0 = Debug|Any CPU
		{B0533274-1A57-4B0A-9461-CBEB4F3781FB}.Debug|x86.ActiveCfg = Debug|Any CPU
		{B0533274-1A57-4B0A-9461-CBEB4F3781FB}.Debug|x86.Build.0 = Debug|Any CPU
		{B0533274-1A57-4B0A-9461-CBEB4F3781FB}.Release|Any CPU.ActiveCfg = Release|Any CPU
		{B0533274-1A57-4B0A-9461-CBEB4F3781FB}.Release|Any CPU.Build.0 = Release|Any CPU
		{B0533274-1A57-4B0A-9461-CBEB4F3781FB}.Release|Mixed Platforms.ActiveCfg = Release|Any CPU
		{B0533274-1A57-4B0A-9461-CBEB4F3781FB}.Release|Mixed Platforms.Build.0 = Release|Any CPU
		{B0533274-1A57-4B0A-9461-CBEB4F3781FB}.Release|x86.ActiveCfg = Release|Any CPU
		{B0533274-1A57-4B0A-9461-CBEB4F3781FB}.Release|x86.Build.0 = Release|Any CPU
		{D472A10B-8E4E-4EE9-AE75-46A4D215D818}.Debug|Any CPU.ActiveCfg = Debug|Any CPU
		{D472A10B-8E4E-4EE9-AE75-46A4D215D818}.Debug|Any CPU.Build.0 = Debug|Any CPU
		{D472A10B-8E4E-4EE9-AE75-46A4D215D818}.Debug|Mixed Platforms.ActiveCfg = Debug|Any CPU
		{D472A10B-8E4E-4EE9-AE75-46A4D215D818}.Debug|Mixed Platforms.Build.0 = Debug|Any CPU
		{D472A10B-8E4E-4EE9-AE75-46A4D215D818}.Debug|x86.ActiveCfg = Debug|Any CPU
		{D472A10B-8E4E-4EE9-AE75-46A4D215D818}.Debug|x86.Build.0 = Debug|Any CPU
		{D472A10B-8E4E-4EE9-AE75-46A4D215D818}.Release|Any CPU.ActiveCfg = Release|Any CPU
		{D472A10B-8E4E-4EE9-AE75-46A4D215D818}.Release|Any CPU.Build.0 = Release|Any CPU
		{D472A10B-8E4E-4EE9-AE75-46A4D215D818}.Release|Mixed Platforms.ActiveCfg = Release|Any CPU
		{D472A10B-8E4E-4EE9-AE75-46A4D215D818}.Release|Mixed Platforms.Build.0 = Release|Any CPU
		{D472A10B-8E4E-4EE9-AE75-46A4D215D818}.Release|x86.ActiveCfg = Release|Any CPU
		{D472A10B-8E4E-4EE9-AE75-46A4D215D818}.Release|x86.Build.0 = Release|Any CPU
		{4BA81C79-E01B-47FF-BB34-155A55BD85C6}.Debug|Any CPU.ActiveCfg = Debug|Any CPU
		{4BA81C79-E01B-47FF-BB34-155A55BD85C6}.Debug|Any CPU.Build.0 = Debug|Any CPU
		{4BA81C79-E01B-47FF-BB34-155A55BD85C6}.Debug|Mixed Platforms.ActiveCfg = Debug|x86
		{4BA81C79-E01B-47FF-BB34-155A55BD85C6}.Debug|Mixed Platforms.Build.0 = Debug|x86
		{4BA81C79-E01B-47FF-BB34-155A55BD85C6}.Debug|x86.ActiveCfg = Debug|x86
		{4BA81C79-E01B-47FF-BB34-155A55BD85C6}.Debug|x86.Build.0 = Debug|x86
		{4BA81C79-E01B-47FF-BB34-155A55BD85C6}.Release|Any CPU.ActiveCfg = Release|Any CPU
		{4BA81C79-E01B-47FF-BB34-155A55BD85C6}.Release|Any CPU.Build.0 = Release|Any CPU
		{4BA81C79-E01B-47FF-BB34-155A55BD85C6}.Release|Mixed Platforms.ActiveCfg = Release|x86
		{4BA81C79-E01B-47FF-BB34-155A55BD85C6}.Release|Mixed Platforms.Build.0 = Release|x86
		{4BA81C79-E01B-47FF-BB34-155A55BD85C6}.Release|x86.ActiveCfg = Release|x86
		{4BA81C79-E01B-47FF-BB34-155A55BD85C6}.Release|x86.Build.0 = Release|x86
		{10F8B93A-DB19-4182-833B-1488BDC12E6F}.Debug|Any CPU.ActiveCfg = Debug|Any CPU
		{10F8B93A-DB19-4182-833B-1488BDC12E6F}.Debug|Any CPU.Build.0 = Debug|Any CPU
		{10F8B93A-DB19-4182-833B-1488BDC12E6F}.Debug|Mixed Platforms.ActiveCfg = Debug|x86
		{10F8B93A-DB19-4182-833B-1488BDC12E6F}.Debug|Mixed Platforms.Build.0 = Debug|x86
		{10F8B93A-DB19-4182-833B-1488BDC12E6F}.Debug|x86.ActiveCfg = Debug|x86
		{10F8B93A-DB19-4182-833B-1488BDC12E6F}.Debug|x86.Build.0 = Debug|x86
		{10F8B93A-DB19-4182-833B-1488BDC12E6F}.Release|Any CPU.ActiveCfg = Release|Any CPU
		{10F8B93A-DB19-4182-833B-1488BDC12E6F}.Release|Any CPU.Build.0 = Release|Any CPU
		{10F8B93A-DB19-4182-833B-1488BDC12E6F}.Release|Mixed Platforms.ActiveCfg = Release|x86
		{10F8B93A-DB19-4182-833B-1488BDC12E6F}.Release|Mixed Platforms.Build.0 = Release|x86
		{10F8B93A-DB19-4182-833B-1488BDC12E6F}.Release|x86.ActiveCfg = Release|x86
		{10F8B93A-DB19-4182-833B-1488BDC12E6F}.Release|x86.Build.0 = Release|x86
		{BA6B9A3A-8B9E-467E-A99B-3B666AAE0C90}.Debug|Any CPU.ActiveCfg = Debug|Any CPU
		{BA6B9A3A-8B9E-467E-A99B-3B666AAE0C90}.Debug|Any CPU.Build.0 = Debug|Any CPU
		{BA6B9A3A-8B9E-467E-A99B-3B666AAE0C90}.Debug|Mixed Platforms.ActiveCfg = Debug|x86
		{BA6B9A3A-8B9E-467E-A99B-3B666AAE0C90}.Debug|Mixed Platforms.Build.0 = Debug|x86
		{BA6B9A3A-8B9E-467E-A99B-3B666AAE0C90}.Debug|x86.ActiveCfg = Debug|x86
		{BA6B9A3A-8B9E-467E-A99B-3B666AAE0C90}.Debug|x86.Build.0 = Debug|x86
		{BA6B9A3A-8B9E-467E-A99B-3B666AAE0C90}.Release|Any CPU.ActiveCfg = Release|Any CPU
		{BA6B9A3A-8B9E-467E-A99B-3B666AAE0C90}.Release|Any CPU.Build.0 = Release|Any CPU
		{BA6B9A3A-8B9E-467E-A99B-3B666AAE0C90}.Release|Mixed Platforms.ActiveCfg = Release|x86
		{BA6B9A3A-8B9E-467E-A99B-3B666AAE0C90}.Release|Mixed Platforms.Build.0 = Release|x86
		{BA6B9A3A-8B9E-467E-A99B-3B666AAE0C90}.Release|x86.ActiveCfg = Release|x86
		{BA6B9A3A-8B9E-467E-A99B-3B666AAE0C90}.Release|x86.Build.0 = Release|x86
		{75507C54-17E4-4BC1-8F93-269E7DA2DCB9}.Debug|Any CPU.ActiveCfg = Debug|Any CPU
		{75507C54-17E4-4BC1-8F93-269E7DA2DCB9}.Debug|Any CPU.Build.0 = Debug|Any CPU
		{75507C54-17E4-4BC1-8F93-269E7DA2DCB9}.Debug|Mixed Platforms.ActiveCfg = Debug|Any CPU
		{75507C54-17E4-4BC1-8F93-269E7DA2DCB9}.Debug|Mixed Platforms.Build.0 = Debug|Any CPU
		{75507C54-17E4-4BC1-8F93-269E7DA2DCB9}.Debug|x86.ActiveCfg = Debug|Any CPU
		{75507C54-17E4-4BC1-8F93-269E7DA2DCB9}.Debug|x86.Build.0 = Debug|Any CPU
		{75507C54-17E4-4BC1-8F93-269E7DA2DCB9}.Release|Any CPU.ActiveCfg = Release|Any CPU
		{75507C54-17E4-4BC1-8F93-269E7DA2DCB9}.Release|Any CPU.Build.0 = Release|Any CPU
		{75507C54-17E4-4BC1-8F93-269E7DA2DCB9}.Release|Mixed Platforms.ActiveCfg = Release|Any CPU
		{75507C54-17E4-4BC1-8F93-269E7DA2DCB9}.Release|Mixed Platforms.Build.0 = Release|Any CPU
		{75507C54-17E4-4BC1-8F93-269E7DA2DCB9}.Release|x86.ActiveCfg = Release|Any CPU
		{75507C54-17E4-4BC1-8F93-269E7DA2DCB9}.Release|x86.Build.0 = Release|Any CPU
		{662B6208-5A6F-4688-8FA5-99E3B36ED13B}.Debug|Any CPU.ActiveCfg = Debug|Any CPU
		{662B6208-5A6F-4688-8FA5-99E3B36ED13B}.Debug|Any CPU.Build.0 = Debug|Any CPU
		{662B6208-5A6F-4688-8FA5-99E3B36ED13B}.Debug|Mixed Platforms.ActiveCfg = Debug|Any CPU
		{662B6208-5A6F-4688-8FA5-99E3B36ED13B}.Debug|Mixed Platforms.Build.0 = Debug|Any CPU
		{662B6208-5A6F-4688-8FA5-99E3B36ED13B}.Debug|x86.ActiveCfg = Debug|Any CPU
		{662B6208-5A6F-4688-8FA5-99E3B36ED13B}.Debug|x86.Build.0 = Debug|Any CPU
		{662B6208-5A6F-4688-8FA5-99E3B36ED13B}.Release|Any CPU.ActiveCfg = Release|Any CPU
		{662B6208-5A6F-4688-8FA5-99E3B36ED13B}.Release|Any CPU.Build.0 = Release|Any CPU
		{662B6208-5A6F-4688-8FA5-99E3B36ED13B}.Release|Mixed Platforms.ActiveCfg = Release|Any CPU
		{662B6208-5A6F-4688-8FA5-99E3B36ED13B}.Release|Mixed Platforms.Build.0 = Release|Any CPU
		{662B6208-5A6F-4688-8FA5-99E3B36ED13B}.Release|x86.ActiveCfg = Release|Any CPU
		{662B6208-5A6F-4688-8FA5-99E3B36ED13B}.Release|x86.Build.0 = Release|Any CPU
		{984AA90D-4B3C-47A1-ADB7-33D6FE14996B}.Debug|Any CPU.ActiveCfg = Debug|Any CPU
		{984AA90D-4B3C-47A1-ADB7-33D6FE14996B}.Debug|Any CPU.Build.0 = Debug|Any CPU
		{984AA90D-4B3C-47A1-ADB7-33D6FE14996B}.Debug|Mixed Platforms.ActiveCfg = Debug|Any CPU
		{984AA90D-4B3C-47A1-ADB7-33D6FE14996B}.Debug|Mixed Platforms.Build.0 = Debug|Any CPU
		{984AA90D-4B3C-47A1-ADB7-33D6FE14996B}.Debug|x86.ActiveCfg = Debug|Any CPU
		{984AA90D-4B3C-47A1-ADB7-33D6FE14996B}.Debug|x86.Build.0 = Debug|Any CPU
		{984AA90D-4B3C-47A1-ADB7-33D6FE14996B}.Release|Any CPU.ActiveCfg = Release|Any CPU
		{984AA90D-4B3C-47A1-ADB7-33D6FE14996B}.Release|Any CPU.Build.0 = Release|Any CPU
		{984AA90D-4B3C-47A1-ADB7-33D6FE14996B}.Release|Mixed Platforms.ActiveCfg = Release|Any CPU
		{984AA90D-4B3C-47A1-ADB7-33D6FE14996B}.Release|Mixed Platforms.Build.0 = Release|Any CPU
		{984AA90D-4B3C-47A1-ADB7-33D6FE14996B}.Release|x86.ActiveCfg = Release|Any CPU
		{984AA90D-4B3C-47A1-ADB7-33D6FE14996B}.Release|x86.Build.0 = Release|Any CPU
		{CA877F0E-24EE-4C3A-8F6C-95571E4807C6}.Debug|Any CPU.ActiveCfg = Debug|Any CPU
		{CA877F0E-24EE-4C3A-8F6C-95571E4807C6}.Debug|Any CPU.Build.0 = Debug|Any CPU
		{CA877F0E-24EE-4C3A-8F6C-95571E4807C6}.Debug|Mixed Platforms.ActiveCfg = Debug|Any CPU
		{CA877F0E-24EE-4C3A-8F6C-95571E4807C6}.Debug|Mixed Platforms.Build.0 = Debug|Any CPU
		{CA877F0E-24EE-4C3A-8F6C-95571E4807C6}.Debug|x86.ActiveCfg = Debug|x86
		{CA877F0E-24EE-4C3A-8F6C-95571E4807C6}.Debug|x86.Build.0 = Debug|x86
		{CA877F0E-24EE-4C3A-8F6C-95571E4807C6}.Release|Any CPU.ActiveCfg = Release|Any CPU
		{CA877F0E-24EE-4C3A-8F6C-95571E4807C6}.Release|Any CPU.Build.0 = Release|Any CPU
		{CA877F0E-24EE-4C3A-8F6C-95571E4807C6}.Release|Mixed Platforms.ActiveCfg = Release|Any CPU
		{CA877F0E-24EE-4C3A-8F6C-95571E4807C6}.Release|Mixed Platforms.Build.0 = Release|Any CPU
		{CA877F0E-24EE-4C3A-8F6C-95571E4807C6}.Release|x86.ActiveCfg = Release|Any CPU
		{CA877F0E-24EE-4C3A-8F6C-95571E4807C6}.Release|x86.Build.0 = Release|Any CPU
		{703FF300-34B9-48D4-A5D6-E741F48D5F95}.Debug|Any CPU.ActiveCfg = Debug|Any CPU
		{703FF300-34B9-48D4-A5D6-E741F48D5F95}.Debug|Any CPU.Build.0 = Debug|Any CPU
		{703FF300-34B9-48D4-A5D6-E741F48D5F95}.Debug|Mixed Platforms.ActiveCfg = Debug|x86
		{703FF300-34B9-48D4-A5D6-E741F48D5F95}.Debug|Mixed Platforms.Build.0 = Debug|x86
		{703FF300-34B9-48D4-A5D6-E741F48D5F95}.Debug|x86.ActiveCfg = Debug|x86
		{703FF300-34B9-48D4-A5D6-E741F48D5F95}.Debug|x86.Build.0 = Debug|x86
		{703FF300-34B9-48D4-A5D6-E741F48D5F95}.Release|Any CPU.ActiveCfg = Release|Any CPU
		{703FF300-34B9-48D4-A5D6-E741F48D5F95}.Release|Any CPU.Build.0 = Release|Any CPU
		{703FF300-34B9-48D4-A5D6-E741F48D5F95}.Release|Mixed Platforms.ActiveCfg = Release|x86
		{703FF300-34B9-48D4-A5D6-E741F48D5F95}.Release|Mixed Platforms.Build.0 = Release|x86
		{703FF300-34B9-48D4-A5D6-E741F48D5F95}.Release|x86.ActiveCfg = Release|x86
		{703FF300-34B9-48D4-A5D6-E741F48D5F95}.Release|x86.Build.0 = Release|x86
		{679AF14D-8FF5-4608-BFF8-EC1A7DED04A4}.Debug|Any CPU.ActiveCfg = Debug|Any CPU
		{679AF14D-8FF5-4608-BFF8-EC1A7DED04A4}.Debug|Any CPU.Build.0 = Debug|Any CPU
		{679AF14D-8FF5-4608-BFF8-EC1A7DED04A4}.Debug|Mixed Platforms.ActiveCfg = Debug|Any CPU
		{679AF14D-8FF5-4608-BFF8-EC1A7DED04A4}.Debug|Mixed Platforms.Build.0 = Debug|Any CPU
		{679AF14D-8FF5-4608-BFF8-EC1A7DED04A4}.Debug|x86.ActiveCfg = Debug|Any CPU
		{679AF14D-8FF5-4608-BFF8-EC1A7DED04A4}.Debug|x86.Build.0 = Debug|Any CPU
		{679AF14D-8FF5-4608-BFF8-EC1A7DED04A4}.Release|Any CPU.ActiveCfg = Release|Any CPU
		{679AF14D-8FF5-4608-BFF8-EC1A7DED04A4}.Release|Any CPU.Build.0 = Release|Any CPU
		{679AF14D-8FF5-4608-BFF8-EC1A7DED04A4}.Release|Mixed Platforms.ActiveCfg = Release|Any CPU
		{679AF14D-8FF5-4608-BFF8-EC1A7DED04A4}.Release|Mixed Platforms.Build.0 = Release|Any CPU
		{679AF14D-8FF5-4608-BFF8-EC1A7DED04A4}.Release|x86.ActiveCfg = Release|x86
		{679AF14D-8FF5-4608-BFF8-EC1A7DED04A4}.Release|x86.Build.0 = Release|x86
		{F9025CE1-2DF4-409B-8961-A51DFAEAABDD}.Debug|Any CPU.ActiveCfg = Debug|Any CPU
		{F9025CE1-2DF4-409B-8961-A51DFAEAABDD}.Debug|Any CPU.Build.0 = Debug|Any CPU
		{F9025CE1-2DF4-409B-8961-A51DFAEAABDD}.Debug|Mixed Platforms.ActiveCfg = Debug|x86
		{F9025CE1-2DF4-409B-8961-A51DFAEAABDD}.Debug|Mixed Platforms.Build.0 = Debug|x86
		{F9025CE1-2DF4-409B-8961-A51DFAEAABDD}.Debug|x86.ActiveCfg = Debug|x86
		{F9025CE1-2DF4-409B-8961-A51DFAEAABDD}.Debug|x86.Build.0 = Debug|x86
		{F9025CE1-2DF4-409B-8961-A51DFAEAABDD}.Release|Any CPU.ActiveCfg = Release|Any CPU
		{F9025CE1-2DF4-409B-8961-A51DFAEAABDD}.Release|Any CPU.Build.0 = Release|Any CPU
		{F9025CE1-2DF4-409B-8961-A51DFAEAABDD}.Release|Mixed Platforms.ActiveCfg = Release|x86
		{F9025CE1-2DF4-409B-8961-A51DFAEAABDD}.Release|Mixed Platforms.Build.0 = Release|x86
		{F9025CE1-2DF4-409B-8961-A51DFAEAABDD}.Release|x86.ActiveCfg = Release|x86
		{F9025CE1-2DF4-409B-8961-A51DFAEAABDD}.Release|x86.Build.0 = Release|x86
		{B928A030-E818-4634-9C6B-F9224E996BD6}.Debug|Any CPU.ActiveCfg = Debug|Any CPU
		{B928A030-E818-4634-9C6B-F9224E996BD6}.Debug|Any CPU.Build.0 = Debug|Any CPU
		{B928A030-E818-4634-9C6B-F9224E996BD6}.Debug|Mixed Platforms.ActiveCfg = Debug|Any CPU
		{B928A030-E818-4634-9C6B-F9224E996BD6}.Debug|Mixed Platforms.Build.0 = Debug|Any CPU
		{B928A030-E818-4634-9C6B-F9224E996BD6}.Debug|x86.ActiveCfg = Debug|Any CPU
		{B928A030-E818-4634-9C6B-F9224E996BD6}.Debug|x86.Build.0 = Debug|Any CPU
		{B928A030-E818-4634-9C6B-F9224E996BD6}.Release|Any CPU.ActiveCfg = Release|Any CPU
		{B928A030-E818-4634-9C6B-F9224E996BD6}.Release|Any CPU.Build.0 = Release|Any CPU
		{B928A030-E818-4634-9C6B-F9224E996BD6}.Release|Mixed Platforms.ActiveCfg = Release|Any CPU
		{B928A030-E818-4634-9C6B-F9224E996BD6}.Release|Mixed Platforms.Build.0 = Release|Any CPU
		{B928A030-E818-4634-9C6B-F9224E996BD6}.Release|x86.ActiveCfg = Release|Any CPU
		{B928A030-E818-4634-9C6B-F9224E996BD6}.Release|x86.Build.0 = Release|Any CPU
		{6A04DFA5-C331-4E46-8B5E-8A547A884706}.Debug|Any CPU.ActiveCfg = Debug|Any CPU
		{6A04DFA5-C331-4E46-8B5E-8A547A884706}.Debug|Any CPU.Build.0 = Debug|Any CPU
		{6A04DFA5-C331-4E46-8B5E-8A547A884706}.Debug|Mixed Platforms.ActiveCfg = Debug|Any CPU
		{6A04DFA5-C331-4E46-8B5E-8A547A884706}.Debug|Mixed Platforms.Build.0 = Debug|Any CPU
		{6A04DFA5-C331-4E46-8B5E-8A547A884706}.Debug|x86.ActiveCfg = Debug|Any CPU
		{6A04DFA5-C331-4E46-8B5E-8A547A884706}.Debug|x86.Build.0 = Debug|Any CPU
		{6A04DFA5-C331-4E46-8B5E-8A547A884706}.Release|Any CPU.ActiveCfg = Release|Any CPU
		{6A04DFA5-C331-4E46-8B5E-8A547A884706}.Release|Any CPU.Build.0 = Release|Any CPU
		{6A04DFA5-C331-4E46-8B5E-8A547A884706}.Release|Mixed Platforms.ActiveCfg = Release|Any CPU
		{6A04DFA5-C331-4E46-8B5E-8A547A884706}.Release|Mixed Platforms.Build.0 = Release|Any CPU
		{6A04DFA5-C331-4E46-8B5E-8A547A884706}.Release|x86.ActiveCfg = Release|Any CPU
		{6A04DFA5-C331-4E46-8B5E-8A547A884706}.Release|x86.Build.0 = Release|Any CPU
		{B4CD57E8-D0B1-4D4B-A660-F47BA5683C1F}.Debug|Any CPU.ActiveCfg = Debug|Any CPU
		{B4CD57E8-D0B1-4D4B-A660-F47BA5683C1F}.Debug|Any CPU.Build.0 = Debug|Any CPU
		{B4CD57E8-D0B1-4D4B-A660-F47BA5683C1F}.Debug|Mixed Platforms.ActiveCfg = Debug|Any CPU
		{B4CD57E8-D0B1-4D4B-A660-F47BA5683C1F}.Debug|Mixed Platforms.Build.0 = Debug|Any CPU
		{B4CD57E8-D0B1-4D4B-A660-F47BA5683C1F}.Debug|x86.ActiveCfg = Debug|Any CPU
		{B4CD57E8-D0B1-4D4B-A660-F47BA5683C1F}.Debug|x86.Build.0 = Debug|Any CPU
		{B4CD57E8-D0B1-4D4B-A660-F47BA5683C1F}.Release|Any CPU.ActiveCfg = Release|Any CPU
		{B4CD57E8-D0B1-4D4B-A660-F47BA5683C1F}.Release|Any CPU.Build.0 = Release|Any CPU
		{B4CD57E8-D0B1-4D4B-A660-F47BA5683C1F}.Release|Mixed Platforms.ActiveCfg = Release|Any CPU
		{B4CD57E8-D0B1-4D4B-A660-F47BA5683C1F}.Release|Mixed Platforms.Build.0 = Release|Any CPU
		{B4CD57E8-D0B1-4D4B-A660-F47BA5683C1F}.Release|x86.ActiveCfg = Release|Any CPU
		{B4CD57E8-D0B1-4D4B-A660-F47BA5683C1F}.Release|x86.Build.0 = Release|Any CPU
		{F8B2DDD8-DF68-4649-A477-092232A34F60}.Debug|Any CPU.ActiveCfg = Debug|Any CPU
		{F8B2DDD8-DF68-4649-A477-092232A34F60}.Debug|Any CPU.Build.0 = Debug|Any CPU
		{F8B2DDD8-DF68-4649-A477-092232A34F60}.Debug|Mixed Platforms.ActiveCfg = Debug|x86
		{F8B2DDD8-DF68-4649-A477-092232A34F60}.Debug|Mixed Platforms.Build.0 = Debug|x86
		{F8B2DDD8-DF68-4649-A477-092232A34F60}.Debug|x86.ActiveCfg = Debug|x86
		{F8B2DDD8-DF68-4649-A477-092232A34F60}.Debug|x86.Build.0 = Debug|x86
		{F8B2DDD8-DF68-4649-A477-092232A34F60}.Release|Any CPU.ActiveCfg = Release|Any CPU
		{F8B2DDD8-DF68-4649-A477-092232A34F60}.Release|Any CPU.Build.0 = Release|Any CPU
		{F8B2DDD8-DF68-4649-A477-092232A34F60}.Release|Mixed Platforms.ActiveCfg = Release|x86
		{F8B2DDD8-DF68-4649-A477-092232A34F60}.Release|Mixed Platforms.Build.0 = Release|x86
		{F8B2DDD8-DF68-4649-A477-092232A34F60}.Release|x86.ActiveCfg = Release|x86
		{F8B2DDD8-DF68-4649-A477-092232A34F60}.Release|x86.Build.0 = Release|x86
	EndGlobalSection
	GlobalSection(SolutionProperties) = preSolution
		HideSolutionNode = FALSE
	EndGlobalSection
EndGlobal
