
Microsoft Visual Studio Solution File, Format Version 12.00
# Visual Studio 14
VisualStudioVersion = 14.0.23107.0
MinimumVisualStudioVersion = 10.0.40219.1
Project("{FAE04EC0-301F-11D3-BF4B-00C04F79EFBC}") = "CefGlue", "CefGlue\CefGlue.csproj", "{703FF300-34B9-48D4-A5D6-E741F48D5F95}"
EndProject
Project("{FAE04EC0-301F-11D3-BF4B-00C04F79EFBC}") = "CefGlue.Client", "CefGlue.Client\CefGlue.Client.csproj", "{311984DF-EB92-4B01-B4AD-C7E73A13E271}"
EndProject
Project("{FAE04EC0-301F-11D3-BF4B-00C04F79EFBC}") = "CefGlue.WindowsForms", "CefGlue.WindowsForms\CefGlue.WindowsForms.csproj", "{679AF14D-8FF5-4608-BFF8-EC1A7DED04A4}"
EndProject
Project("{FAE04EC0-301F-11D3-BF4B-00C04F79EFBC}") = "BrowserHost", "BrowserHost\BrowserHost.csproj", "{49DE8815-1834-4DA8-9E06-FE5EA2382C3E}"
EndProject
Project("{FAE04EC0-301F-11D3-BF4B-00C04F79EFBC}") = "BrowserPlugin", "BrowserPlugin\BrowserPlugin.csproj", "{4A08E677-A4A2-4DA1-889D-263DE038A2E0}"
EndProject
Project("{FAE04EC0-301F-11D3-BF4B-00C04F79EFBC}") = "BrowserAndFeatures", "BrowserAndFeatures\BrowserAndFeatures.csproj", "{58CC2783-DE77-4526-8FD5-0BA96AC46226}"
EndProject
Project("{FAE04EC0-301F-11D3-BF4B-00C04F79EFBC}") = "Organiser.Common", "Organiser.Common\Organiser.Common.csproj", "{1E10924D-BB32-451B-9444-CCDDFB230F8A}"
EndProject
Project("{FAE04EC0-301F-11D3-BF4B-00C04F79EFBC}") = "Prospector", "Prospector\Prospector.csproj", "{184DA99D-9077-4A07-B509-79C98D0C52FF}"
EndProject
Project("{FAE04EC0-301F-11D3-BF4B-00C04F79EFBC}") = "GongSolutions.Wpf.DragDrop", "GongSolutions.Wpf.DragDrop\GongSolutions.Wpf.DragDrop.csproj", "{0C6674CC-6D49-414A-9B41-D4E175028FFB}"
EndProject
Project("{FAE04EC0-301F-11D3-BF4B-00C04F79EFBC}") = "DragDropListview", "DragDropListview\DragDropListview.csproj", "{F2C9DCF4-9C94-4389-9532-E9E7D0412C01}"
EndProject
Project("{FAE04EC0-301F-11D3-BF4B-00C04F79EFBC}") = "RssReader", "RssReader\RssReader.csproj", "{05AC600C-F668-4BFA-8F8A-6DE63D73526F}"
EndProject
Project("{FAE04EC0-301F-11D3-BF4B-00C04F79EFBC}") = "Indexer", "Indexer\Indexer.csproj", "{0B51AC08-7106-431F-8359-0F86E9F48DCA}"
EndProject
Project("{FAE04EC0-301F-11D3-BF4B-00C04F79EFBC}") = "Youtuber", "Youtuber\Youtuber.csproj", "{9EE91744-7D3F-4F68-8B98-395759AB4EB0}"
EndProject
Project("{FAE04EC0-301F-11D3-BF4B-00C04F79EFBC}") = "WordPressSharp", "WordPressSharp\WordPressSharp.csproj", "{7A938355-0B6B-48B7-97FB-C0C09015307B}"
EndProject
Project("{FAE04EC0-301F-11D3-BF4B-00C04F79EFBC}") = "WYSIWYG", "WPF WYSIWYG HTML Editor\WYSIWYG.csproj", "{13A55AE8-28AB-4DDB-9BC3-BABFD7D64FEA}"
EndProject
Project("{FAE04EC0-301F-11D3-BF4B-00C04F79EFBC}") = "Drupal7.Services", "Drupal7.Services\Drupal7.Services.csproj", "{4F6C5819-0EE7-4C69-8012-B0AFA3D901F0}"
EndProject
Project("{FAE04EC0-301F-11D3-BF4B-00C04F79EFBC}") = "CefGlue-old", "..\xilium Old backup\xilium-xilium.cefglue-335450e6011d\CefGlue\CefGlue-old.csproj", "{9080D62A-6FE7-41D2-9A77-F3D7F6C33418}"
EndProject
Project("{FAE04EC0-301F-11D3-BF4B-00C04F79EFBC}") = "CefGlue.WindowsForms-old", "..\xilium Old backup\xilium-xilium.cefglue-335450e6011d\CefGlue.WindowsForms\CefGlue.WindowsForms-old.csproj", "{706ABB6A-2A0B-4D0F-B496-3D6B67EDD6D4}"
EndProject
Project("{FAE04EC0-301F-11D3-BF4B-00C04F79EFBC}") = "WPFPieChartTwo", "WPFPieChart\WPFPieChartTwo.csproj", "{59210896-68D1-4A34-91CC-8D015ECA7061}"
EndProject
Project("{FAE04EC0-301F-11D3-BF4B-00C04F79EFBC}") = "GoViral", "GoViral\GoViral.csproj", "{0D0B3748-C24C-464A-B051-B06C983831EF}"
EndProject
Project("{FAE04EC0-301F-11D3-BF4B-00C04F79EFBC}") = "CrawlerAddIn", "Crawler\CrawlerAddIn.csproj", "{509C6ECA-AF36-4276-9B6F-BC59FC2F75AC}"
EndProject
Project("{FAE04EC0-301F-11D3-BF4B-00C04F79EFBC}") = "CrawlerContracts", "CrawlerContracts\CrawlerContracts.csproj", "{3749FA3F-E42D-4E28-A77C-68FE06DCD8D2}"
EndProject
Project("{FAE04EC0-301F-11D3-BF4B-00C04F79EFBC}") = "CrawlerProcess", "CrawlerProcess\CrawlerProcess.csproj", "{7B54432E-FB4C-4452-8590-E8D192D6137C}"
EndProject
Global
	GlobalSection(SolutionConfigurationPlatforms) = preSolution
		Debug|Any CPU = Debug|Any CPU
		Debug|Mixed Platforms = Debug|Mixed Platforms
		Debug|x86 = Debug|x86
		Release|Any CPU = Release|Any CPU
		Release|Mixed Platforms = Release|Mixed Platforms
		Release|x86 = Release|x86
	EndGlobalSection
	GlobalSection(ProjectConfigurationPlatforms) = postSolution
		{703FF300-34B9-48D4-A5D6-E741F48D5F95}.Debug|Any CPU.ActiveCfg = Debug|Any CPU
		{703FF300-34B9-48D4-A5D6-E741F48D5F95}.Debug|Any CPU.Build.0 = Debug|Any CPU
		{703FF300-34B9-48D4-A5D6-E741F48D5F95}.Debug|Mixed Platforms.ActiveCfg = Debug|Any CPU
		{703FF300-34B9-48D4-A5D6-E741F48D5F95}.Debug|Mixed Platforms.Build.0 = Debug|Any CPU
		{703FF300-34B9-48D4-A5D6-E741F48D5F95}.Debug|x86.ActiveCfg = Debug|Any CPU
		{703FF300-34B9-48D4-A5D6-E741F48D5F95}.Debug|x86.Build.0 = Debug|Any CPU
		{703FF300-34B9-48D4-A5D6-E741F48D5F95}.Release|Any CPU.ActiveCfg = Release|Any CPU
		{703FF300-34B9-48D4-A5D6-E741F48D5F95}.Release|Any CPU.Build.0 = Release|Any CPU
		{703FF300-34B9-48D4-A5D6-E741F48D5F95}.Release|Mixed Platforms.ActiveCfg = Release|Any CPU
		{703FF300-34B9-48D4-A5D6-E741F48D5F95}.Release|Mixed Platforms.Build.0 = Release|Any CPU
		{703FF300-34B9-48D4-A5D6-E741F48D5F95}.Release|x86.ActiveCfg = Release|Any CPU
		{703FF300-34B9-48D4-A5D6-E741F48D5F95}.Release|x86.Build.0 = Release|Any CPU
		{311984DF-EB92-4B01-B4AD-C7E73A13E271}.Debug|Any CPU.ActiveCfg = Debug|Any CPU
		{311984DF-EB92-4B01-B4AD-C7E73A13E271}.Debug|Any CPU.Build.0 = Debug|Any CPU
		{311984DF-EB92-4B01-B4AD-C7E73A13E271}.Debug|Mixed Platforms.ActiveCfg = Debug|x86
		{311984DF-EB92-4B01-B4AD-C7E73A13E271}.Debug|Mixed Platforms.Build.0 = Debug|x86
		{311984DF-EB92-4B01-B4AD-C7E73A13E271}.Debug|x86.ActiveCfg = Debug|x86
		{311984DF-EB92-4B01-B4AD-C7E73A13E271}.Debug|x86.Build.0 = Debug|x86
		{311984DF-EB92-4B01-B4AD-C7E73A13E271}.Release|Any CPU.ActiveCfg = Release|Any CPU
		{311984DF-EB92-4B01-B4AD-C7E73A13E271}.Release|Any CPU.Build.0 = Release|Any CPU
		{311984DF-EB92-4B01-B4AD-C7E73A13E271}.Release|Mixed Platforms.ActiveCfg = Release|x86
		{311984DF-EB92-4B01-B4AD-C7E73A13E271}.Release|Mixed Platforms.Build.0 = Release|x86
		{311984DF-EB92-4B01-B4AD-C7E73A13E271}.Release|x86.ActiveCfg = Release|x86
		{311984DF-EB92-4B01-B4AD-C7E73A13E271}.Release|x86.Build.0 = Release|x86
		{679AF14D-8FF5-4608-BFF8-EC1A7DED04A4}.Debug|Any CPU.ActiveCfg = Debug|Any CPU
		{679AF14D-8FF5-4608-BFF8-EC1A7DED04A4}.Debug|Any CPU.Build.0 = Debug|Any CPU
		{679AF14D-8FF5-4608-BFF8-EC1A7DED04A4}.Debug|Mixed Platforms.ActiveCfg = Debug|Any CPU
		{679AF14D-8FF5-4608-BFF8-EC1A7DED04A4}.Debug|Mixed Platforms.Build.0 = Debug|Any CPU
		{679AF14D-8FF5-4608-BFF8-EC1A7DED04A4}.Debug|x86.ActiveCfg = Debug|Any CPU
		{679AF14D-8FF5-4608-BFF8-EC1A7DED04A4}.Debug|x86.Build.0 = Debug|Any CPU
		{679AF14D-8FF5-4608-BFF8-EC1A7DED04A4}.Release|Any CPU.ActiveCfg = Release|Any CPU
		{679AF14D-8FF5-4608-BFF8-EC1A7DED04A4}.Release|Any CPU.Build.0 = Release|Any CPU
		{679AF14D-8FF5-4608-BFF8-EC1A7DED04A4}.Release|Mixed Platforms.ActiveCfg = Release|Any CPU
		{679AF14D-8FF5-4608-BFF8-EC1A7DED04A4}.Release|Mixed Platforms.Build.0 = Release|Any CPU
		{679AF14D-8FF5-4608-BFF8-EC1A7DED04A4}.Release|x86.ActiveCfg = Release|Any CPU
		{679AF14D-8FF5-4608-BFF8-EC1A7DED04A4}.Release|x86.Build.0 = Release|Any CPU
		{49DE8815-1834-4DA8-9E06-FE5EA2382C3E}.Debug|Any CPU.ActiveCfg = Debug|Any CPU
		{49DE8815-1834-4DA8-9E06-FE5EA2382C3E}.Debug|Any CPU.Build.0 = Debug|Any CPU
		{49DE8815-1834-4DA8-9E06-FE5EA2382C3E}.Debug|Mixed Platforms.ActiveCfg = Debug|Any CPU
		{49DE8815-1834-4DA8-9E06-FE5EA2382C3E}.Debug|Mixed Platforms.Build.0 = Debug|Any CPU
		{49DE8815-1834-4DA8-9E06-FE5EA2382C3E}.Debug|x86.ActiveCfg = Debug|x86
		{49DE8815-1834-4DA8-9E06-FE5EA2382C3E}.Debug|x86.Build.0 = Debug|x86
		{49DE8815-1834-4DA8-9E06-FE5EA2382C3E}.Release|Any CPU.ActiveCfg = Release|Any CPU
		{49DE8815-1834-4DA8-9E06-FE5EA2382C3E}.Release|Any CPU.Build.0 = Release|Any CPU
		{49DE8815-1834-4DA8-9E06-FE5EA2382C3E}.Release|Mixed Platforms.ActiveCfg = Release|Any CPU
		{49DE8815-1834-4DA8-9E06-FE5EA2382C3E}.Release|Mixed Platforms.Build.0 = Release|Any CPU
		{49DE8815-1834-4DA8-9E06-FE5EA2382C3E}.Release|x86.ActiveCfg = Release|Any CPU
		{49DE8815-1834-4DA8-9E06-FE5EA2382C3E}.Release|x86.Build.0 = Release|Any CPU
		{4A08E677-A4A2-4DA1-889D-263DE038A2E0}.Debug|Any CPU.ActiveCfg = Debug|Any CPU
		{4A08E677-A4A2-4DA1-889D-263DE038A2E0}.Debug|Any CPU.Build.0 = Debug|Any CPU
		{4A08E677-A4A2-4DA1-889D-263DE038A2E0}.Debug|Mixed Platforms.ActiveCfg = Debug|Any CPU
		{4A08E677-A4A2-4DA1-889D-263DE038A2E0}.Debug|Mixed Platforms.Build.0 = Debug|Any CPU
		{4A08E677-A4A2-4DA1-889D-263DE038A2E0}.Debug|x86.ActiveCfg = Debug|x86
		{4A08E677-A4A2-4DA1-889D-263DE038A2E0}.Debug|x86.Build.0 = Debug|x86
		{4A08E677-A4A2-4DA1-889D-263DE038A2E0}.Release|Any CPU.ActiveCfg = Release|Any CPU
		{4A08E677-A4A2-4DA1-889D-263DE038A2E0}.Release|Any CPU.Build.0 = Release|Any CPU
		{4A08E677-A4A2-4DA1-889D-263DE038A2E0}.Release|Mixed Platforms.ActiveCfg = Release|Any CPU
		{4A08E677-A4A2-4DA1-889D-263DE038A2E0}.Release|Mixed Platforms.Build.0 = Release|Any CPU
		{4A08E677-A4A2-4DA1-889D-263DE038A2E0}.Release|x86.ActiveCfg = Release|x86
		{4A08E677-A4A2-4DA1-889D-263DE038A2E0}.Release|x86.Build.0 = Release|x86
		{58CC2783-DE77-4526-8FD5-0BA96AC46226}.Debug|Any CPU.ActiveCfg = Debug|Any CPU
		{58CC2783-DE77-4526-8FD5-0BA96AC46226}.Debug|Any CPU.Build.0 = Debug|Any CPU
		{58CC2783-DE77-4526-8FD5-0BA96AC46226}.Debug|Mixed Platforms.ActiveCfg = Debug|Any CPU
		{58CC2783-DE77-4526-8FD5-0BA96AC46226}.Debug|Mixed Platforms.Build.0 = Debug|Any CPU
		{58CC2783-DE77-4526-8FD5-0BA96AC46226}.Debug|x86.ActiveCfg = Debug|x86
		{58CC2783-DE77-4526-8FD5-0BA96AC46226}.Debug|x86.Build.0 = Debug|x86
		{58CC2783-DE77-4526-8FD5-0BA96AC46226}.Release|Any CPU.ActiveCfg = Release|Any CPU
		{58CC2783-DE77-4526-8FD5-0BA96AC46226}.Release|Any CPU.Build.0 = Release|Any CPU
		{58CC2783-DE77-4526-8FD5-0BA96AC46226}.Release|Mixed Platforms.ActiveCfg = Release|Any CPU
		{58CC2783-DE77-4526-8FD5-0BA96AC46226}.Release|Mixed Platforms.Build.0 = Release|Any CPU
		{58CC2783-DE77-4526-8FD5-0BA96AC46226}.Release|x86.ActiveCfg = Release|Any CPU
		{58CC2783-DE77-4526-8FD5-0BA96AC46226}.Release|x86.Build.0 = Release|Any CPU
		{1E10924D-BB32-451B-9444-CCDDFB230F8A}.Debug|Any CPU.ActiveCfg = Debug|Any CPU
		{1E10924D-BB32-451B-9444-CCDDFB230F8A}.Debug|Any CPU.Build.0 = Debug|Any CPU
		{1E10924D-BB32-451B-9444-CCDDFB230F8A}.Debug|Mixed Platforms.ActiveCfg = Debug|Any CPU
		{1E10924D-BB32-451B-9444-CCDDFB230F8A}.Debug|Mixed Platforms.Build.0 = Debug|Any CPU
		{1E10924D-BB32-451B-9444-CCDDFB230F8A}.Debug|x86.ActiveCfg = Debug|Any CPU
		{1E10924D-BB32-451B-9444-CCDDFB230F8A}.Debug|x86.Build.0 = Debug|Any CPU
		{1E10924D-BB32-451B-9444-CCDDFB230F8A}.Release|Any CPU.ActiveCfg = Release|Any CPU
		{1E10924D-BB32-451B-9444-CCDDFB230F8A}.Release|Any CPU.Build.0 = Release|Any CPU
		{1E10924D-BB32-451B-9444-CCDDFB230F8A}.Release|Mixed Platforms.ActiveCfg = Release|Any CPU
		{1E10924D-BB32-451B-9444-CCDDFB230F8A}.Release|Mixed Platforms.Build.0 = Release|Any CPU
		{1E10924D-BB32-451B-9444-CCDDFB230F8A}.Release|x86.ActiveCfg = Release|Any CPU
		{1E10924D-BB32-451B-9444-CCDDFB230F8A}.Release|x86.Build.0 = Release|Any CPU
		{184DA99D-9077-4A07-B509-79C98D0C52FF}.Debug|Any CPU.ActiveCfg = Debug|Any CPU
		{184DA99D-9077-4A07-B509-79C98D0C52FF}.Debug|Any CPU.Build.0 = Debug|Any CPU
		{184DA99D-9077-4A07-B509-79C98D0C52FF}.Debug|Mixed Platforms.ActiveCfg = Debug|Any CPU
		{184DA99D-9077-4A07-B509-79C98D0C52FF}.Debug|Mixed Platforms.Build.0 = Debug|Any CPU
		{184DA99D-9077-4A07-B509-79C98D0C52FF}.Debug|x86.ActiveCfg = Debug|Any CPU
		{184DA99D-9077-4A07-B509-79C98D0C52FF}.Debug|x86.Build.0 = Debug|Any CPU
		{184DA99D-9077-4A07-B509-79C98D0C52FF}.Release|Any CPU.ActiveCfg = Release|Any CPU
		{184DA99D-9077-4A07-B509-79C98D0C52FF}.Release|Any CPU.Build.0 = Release|Any CPU
		{184DA99D-9077-4A07-B509-79C98D0C52FF}.Release|Mixed Platforms.ActiveCfg = Release|Any CPU
		{184DA99D-9077-4A07-B509-79C98D0C52FF}.Release|Mixed Platforms.Build.0 = Release|Any CPU
		{184DA99D-9077-4A07-B509-79C98D0C52FF}.Release|x86.ActiveCfg = Release|Any CPU
		{184DA99D-9077-4A07-B509-79C98D0C52FF}.Release|x86.Build.0 = Release|Any CPU
		{0C6674CC-6D49-414A-9B41-D4E175028FFB}.Debug|Any CPU.ActiveCfg = Debug|Any CPU
		{0C6674CC-6D49-414A-9B41-D4E175028FFB}.Debug|Any CPU.Build.0 = Debug|Any CPU
		{0C6674CC-6D49-414A-9B41-D4E175028FFB}.Debug|Mixed Platforms.ActiveCfg = Debug|Any CPU
		{0C6674CC-6D49-414A-9B41-D4E175028FFB}.Debug|Mixed Platforms.Build.0 = Debug|Any CPU
		{0C6674CC-6D49-414A-9B41-D4E175028FFB}.Debug|x86.ActiveCfg = Debug|Any CPU
		{0C6674CC-6D49-414A-9B41-D4E175028FFB}.Debug|x86.Build.0 = Debug|Any CPU
		{0C6674CC-6D49-414A-9B41-D4E175028FFB}.Release|Any CPU.ActiveCfg = Release|Any CPU
		{0C6674CC-6D49-414A-9B41-D4E175028FFB}.Release|Any CPU.Build.0 = Release|Any CPU
		{0C6674CC-6D49-414A-9B41-D4E175028FFB}.Release|Mixed Platforms.ActiveCfg = Release|Any CPU
		{0C6674CC-6D49-414A-9B41-D4E175028FFB}.Release|Mixed Platforms.Build.0 = Release|Any CPU
		{0C6674CC-6D49-414A-9B41-D4E175028FFB}.Release|x86.ActiveCfg = Release|Any CPU
		{0C6674CC-6D49-414A-9B41-D4E175028FFB}.Release|x86.Build.0 = Release|Any CPU
		{F2C9DCF4-9C94-4389-9532-E9E7D0412C01}.Debug|Any CPU.ActiveCfg = Debug|Any CPU
		{F2C9DCF4-9C94-4389-9532-E9E7D0412C01}.Debug|Any CPU.Build.0 = Debug|Any CPU
		{F2C9DCF4-9C94-4389-9532-E9E7D0412C01}.Debug|Mixed Platforms.ActiveCfg = Debug|Any CPU
		{F2C9DCF4-9C94-4389-9532-E9E7D0412C01}.Debug|Mixed Platforms.Build.0 = Debug|Any CPU
		{F2C9DCF4-9C94-4389-9532-E9E7D0412C01}.Debug|x86.ActiveCfg = Debug|Any CPU
		{F2C9DCF4-9C94-4389-9532-E9E7D0412C01}.Debug|x86.Build.0 = Debug|Any CPU
		{F2C9DCF4-9C94-4389-9532-E9E7D0412C01}.Release|Any CPU.ActiveCfg = Release|Any CPU
		{F2C9DCF4-9C94-4389-9532-E9E7D0412C01}.Release|Any CPU.Build.0 = Release|Any CPU
		{F2C9DCF4-9C94-4389-9532-E9E7D0412C01}.Release|Mixed Platforms.ActiveCfg = Release|Any CPU
		{F2C9DCF4-9C94-4389-9532-E9E7D0412C01}.Release|Mixed Platforms.Build.0 = Release|Any CPU
		{F2C9DCF4-9C94-4389-9532-E9E7D0412C01}.Release|x86.ActiveCfg = Release|Any CPU
		{F2C9DCF4-9C94-4389-9532-E9E7D0412C01}.Release|x86.Build.0 = Release|Any CPU
		{05AC600C-F668-4BFA-8F8A-6DE63D73526F}.Debug|Any CPU.ActiveCfg = Debug|Any CPU
		{05AC600C-F668-4BFA-8F8A-6DE63D73526F}.Debug|Any CPU.Build.0 = Debug|Any CPU
		{05AC600C-F668-4BFA-8F8A-6DE63D73526F}.Debug|Mixed Platforms.ActiveCfg = Debug|Any CPU
		{05AC600C-F668-4BFA-8F8A-6DE63D73526F}.Debug|Mixed Platforms.Build.0 = Debug|Any CPU
		{05AC600C-F668-4BFA-8F8A-6DE63D73526F}.Debug|x86.ActiveCfg = Debug|Any CPU
		{05AC600C-F668-4BFA-8F8A-6DE63D73526F}.Debug|x86.Build.0 = Debug|Any CPU
		{05AC600C-F668-4BFA-8F8A-6DE63D73526F}.Release|Any CPU.ActiveCfg = Release|Any CPU
		{05AC600C-F668-4BFA-8F8A-6DE63D73526F}.Release|Any CPU.Build.0 = Release|Any CPU
		{05AC600C-F668-4BFA-8F8A-6DE63D73526F}.Release|Mixed Platforms.ActiveCfg = Release|Any CPU
		{05AC600C-F668-4BFA-8F8A-6DE63D73526F}.Release|Mixed Platforms.Build.0 = Release|Any CPU
		{05AC600C-F668-4BFA-8F8A-6DE63D73526F}.Release|x86.ActiveCfg = Release|Any CPU
		{05AC600C-F668-4BFA-8F8A-6DE63D73526F}.Release|x86.Build.0 = Release|Any CPU
		{0B51AC08-7106-431F-8359-0F86E9F48DCA}.Debug|Any CPU.ActiveCfg = Debug|Any CPU
		{0B51AC08-7106-431F-8359-0F86E9F48DCA}.Debug|Any CPU.Build.0 = Debug|Any CPU
		{0B51AC08-7106-431F-8359-0F86E9F48DCA}.Debug|Mixed Platforms.ActiveCfg = Debug|Any CPU
		{0B51AC08-7106-431F-8359-0F86E9F48DCA}.Debug|Mixed Platforms.Build.0 = Debug|Any CPU
		{0B51AC08-7106-431F-8359-0F86E9F48DCA}.Debug|x86.ActiveCfg = Debug|Any CPU
		{0B51AC08-7106-431F-8359-0F86E9F48DCA}.Debug|x86.Build.0 = Debug|Any CPU
		{0B51AC08-7106-431F-8359-0F86E9F48DCA}.Release|Any CPU.ActiveCfg = Release|Any CPU
		{0B51AC08-7106-431F-8359-0F86E9F48DCA}.Release|Any CPU.Build.0 = Release|Any CPU
		{0B51AC08-7106-431F-8359-0F86E9F48DCA}.Release|Mixed Platforms.ActiveCfg = Release|Any CPU
		{0B51AC08-7106-431F-8359-0F86E9F48DCA}.Release|Mixed Platforms.Build.0 = Release|Any CPU
		{0B51AC08-7106-431F-8359-0F86E9F48DCA}.Release|x86.ActiveCfg = Release|Any CPU
		{0B51AC08-7106-431F-8359-0F86E9F48DCA}.Release|x86.Build.0 = Release|Any CPU
		{9EE91744-7D3F-4F68-8B98-395759AB4EB0}.Debug|Any CPU.ActiveCfg = Debug|Any CPU
		{9EE91744-7D3F-4F68-8B98-395759AB4EB0}.Debug|Any CPU.Build.0 = Debug|Any CPU
		{9EE91744-7D3F-4F68-8B98-395759AB4EB0}.Debug|Mixed Platforms.ActiveCfg = Debug|Any CPU
		{9EE91744-7D3F-4F68-8B98-395759AB4EB0}.Debug|Mixed Platforms.Build.0 = Debug|Any CPU
		{9EE91744-7D3F-4F68-8B98-395759AB4EB0}.Debug|x86.ActiveCfg = Debug|Any CPU
		{9EE91744-7D3F-4F68-8B98-395759AB4EB0}.Debug|x86.Build.0 = Debug|Any CPU
		{9EE91744-7D3F-4F68-8B98-395759AB4EB0}.Release|Any CPU.ActiveCfg = Release|Any CPU
		{9EE91744-7D3F-4F68-8B98-395759AB4EB0}.Release|Any CPU.Build.0 = Release|Any CPU
		{9EE91744-7D3F-4F68-8B98-395759AB4EB0}.Release|Mixed Platforms.ActiveCfg = Release|Any CPU
		{9EE91744-7D3F-4F68-8B98-395759AB4EB0}.Release|Mixed Platforms.Build.0 = Release|Any CPU
		{9EE91744-7D3F-4F68-8B98-395759AB4EB0}.Release|x86.ActiveCfg = Release|Any CPU
		{9EE91744-7D3F-4F68-8B98-395759AB4EB0}.Release|x86.Build.0 = Release|Any CPU
		{7A938355-0B6B-48B7-97FB-C0C09015307B}.Debug|Any CPU.ActiveCfg = Debug|Any CPU
		{7A938355-0B6B-48B7-97FB-C0C09015307B}.Debug|Any CPU.Build.0 = Debug|Any CPU
		{7A938355-0B6B-48B7-97FB-C0C09015307B}.Debug|Mixed Platforms.ActiveCfg = Debug|Any CPU
		{7A938355-0B6B-48B7-97FB-C0C09015307B}.Debug|Mixed Platforms.Build.0 = Debug|Any CPU
		{7A938355-0B6B-48B7-97FB-C0C09015307B}.Debug|x86.ActiveCfg = Debug|Any CPU
		{7A938355-0B6B-48B7-97FB-C0C09015307B}.Debug|x86.Build.0 = Debug|Any CPU
		{7A938355-0B6B-48B7-97FB-C0C09015307B}.Release|Any CPU.ActiveCfg = Release|Any CPU
		{7A938355-0B6B-48B7-97FB-C0C09015307B}.Release|Any CPU.Build.0 = Release|Any CPU
		{7A938355-0B6B-48B7-97FB-C0C09015307B}.Release|Mixed Platforms.ActiveCfg = Release|Any CPU
		{7A938355-0B6B-48B7-97FB-C0C09015307B}.Release|Mixed Platforms.Build.0 = Release|Any CPU
		{7A938355-0B6B-48B7-97FB-C0C09015307B}.Release|x86.ActiveCfg = Release|Any CPU
		{7A938355-0B6B-48B7-97FB-C0C09015307B}.Release|x86.Build.0 = Release|Any CPU
		{13A55AE8-28AB-4DDB-9BC3-BABFD7D64FEA}.Debug|Any CPU.ActiveCfg = Debug|Any CPU
		{13A55AE8-28AB-4DDB-9BC3-BABFD7D64FEA}.Debug|Any CPU.Build.0 = Debug|Any CPU
		{13A55AE8-28AB-4DDB-9BC3-BABFD7D64FEA}.Debug|Mixed Platforms.ActiveCfg = Debug|Any CPU
		{13A55AE8-28AB-4DDB-9BC3-BABFD7D64FEA}.Debug|Mixed Platforms.Build.0 = Debug|Any CPU
		{13A55AE8-28AB-4DDB-9BC3-BABFD7D64FEA}.Debug|x86.ActiveCfg = Debug|Any CPU
		{13A55AE8-28AB-4DDB-9BC3-BABFD7D64FEA}.Debug|x86.Build.0 = Debug|Any CPU
		{13A55AE8-28AB-4DDB-9BC3-BABFD7D64FEA}.Release|Any CPU.ActiveCfg = Release|Any CPU
		{13A55AE8-28AB-4DDB-9BC3-BABFD7D64FEA}.Release|Any CPU.Build.0 = Release|Any CPU
		{13A55AE8-28AB-4DDB-9BC3-BABFD7D64FEA}.Release|Mixed Platforms.ActiveCfg = Release|Any CPU
		{13A55AE8-28AB-4DDB-9BC3-BABFD7D64FEA}.Release|Mixed Platforms.Build.0 = Release|Any CPU
		{13A55AE8-28AB-4DDB-9BC3-BABFD7D64FEA}.Release|x86.ActiveCfg = Release|Any CPU
		{13A55AE8-28AB-4DDB-9BC3-BABFD7D64FEA}.Release|x86.Build.0 = Release|Any CPU
		{4F6C5819-0EE7-4C69-8012-B0AFA3D901F0}.Debug|Any CPU.ActiveCfg = Debug|Any CPU
		{4F6C5819-0EE7-4C69-8012-B0AFA3D901F0}.Debug|Any CPU.Build.0 = Debug|Any CPU
		{4F6C5819-0EE7-4C69-8012-B0AFA3D901F0}.Debug|Mixed Platforms.ActiveCfg = Debug|Any CPU
		{4F6C5819-0EE7-4C69-8012-B0AFA3D901F0}.Debug|Mixed Platforms.Build.0 = Debug|Any CPU
		{4F6C5819-0EE7-4C69-8012-B0AFA3D901F0}.Debug|x86.ActiveCfg = Debug|Any CPU
		{4F6C5819-0EE7-4C69-8012-B0AFA3D901F0}.Debug|x86.Build.0 = Debug|Any CPU
		{4F6C5819-0EE7-4C69-8012-B0AFA3D901F0}.Release|Any CPU.ActiveCfg = Release|Any CPU
		{4F6C5819-0EE7-4C69-8012-B0AFA3D901F0}.Release|Any CPU.Build.0 = Release|Any CPU
		{4F6C5819-0EE7-4C69-8012-B0AFA3D901F0}.Release|Mixed Platforms.ActiveCfg = Release|Any CPU
		{4F6C5819-0EE7-4C69-8012-B0AFA3D901F0}.Release|Mixed Platforms.Build.0 = Release|Any CPU
		{4F6C5819-0EE7-4C69-8012-B0AFA3D901F0}.Release|x86.ActiveCfg = Release|Any CPU
		{4F6C5819-0EE7-4C69-8012-B0AFA3D901F0}.Release|x86.Build.0 = Release|Any CPU
		{9080D62A-6FE7-41D2-9A77-F3D7F6C33418}.Debug|Any CPU.ActiveCfg = Debug|Any CPU
		{9080D62A-6FE7-41D2-9A77-F3D7F6C33418}.Debug|Any CPU.Build.0 = Debug|Any CPU
		{9080D62A-6FE7-41D2-9A77-F3D7F6C33418}.Debug|Mixed Platforms.ActiveCfg = Debug|x86
		{9080D62A-6FE7-41D2-9A77-F3D7F6C33418}.Debug|Mixed Platforms.Build.0 = Debug|x86
		{9080D62A-6FE7-41D2-9A77-F3D7F6C33418}.Debug|x86.ActiveCfg = Debug|x86
		{9080D62A-6FE7-41D2-9A77-F3D7F6C33418}.Debug|x86.Build.0 = Debug|x86
		{9080D62A-6FE7-41D2-9A77-F3D7F6C33418}.Release|Any CPU.ActiveCfg = Release|Any CPU
		{9080D62A-6FE7-41D2-9A77-F3D7F6C33418}.Release|Any CPU.Build.0 = Release|Any CPU
		{9080D62A-6FE7-41D2-9A77-F3D7F6C33418}.Release|Mixed Platforms.ActiveCfg = Release|x86
		{9080D62A-6FE7-41D2-9A77-F3D7F6C33418}.Release|Mixed Platforms.Build.0 = Release|x86
		{9080D62A-6FE7-41D2-9A77-F3D7F6C33418}.Release|x86.ActiveCfg = Release|x86
		{9080D62A-6FE7-41D2-9A77-F3D7F6C33418}.Release|x86.Build.0 = Release|x86
		{706ABB6A-2A0B-4D0F-B496-3D6B67EDD6D4}.Debug|Any CPU.ActiveCfg = Debug|Any CPU
		{706ABB6A-2A0B-4D0F-B496-3D6B67EDD6D4}.Debug|Any CPU.Build.0 = Debug|Any CPU
		{706ABB6A-2A0B-4D0F-B496-3D6B67EDD6D4}.Debug|Mixed Platforms.ActiveCfg = Debug|Any CPU
		{706ABB6A-2A0B-4D0F-B496-3D6B67EDD6D4}.Debug|Mixed Platforms.Build.0 = Debug|Any CPU
		{706ABB6A-2A0B-4D0F-B496-3D6B67EDD6D4}.Debug|x86.ActiveCfg = Debug|Any CPU
		{706ABB6A-2A0B-4D0F-B496-3D6B67EDD6D4}.Debug|x86.Build.0 = Debug|Any CPU
		{706ABB6A-2A0B-4D0F-B496-3D6B67EDD6D4}.Release|Any CPU.ActiveCfg = Release|Any CPU
		{706ABB6A-2A0B-4D0F-B496-3D6B67EDD6D4}.Release|Any CPU.Build.0 = Release|Any CPU
		{706ABB6A-2A0B-4D0F-B496-3D6B67EDD6D4}.Release|Mixed Platforms.ActiveCfg = Release|Any CPU
		{706ABB6A-2A0B-4D0F-B496-3D6B67EDD6D4}.Release|Mixed Platforms.Build.0 = Release|Any CPU
		{706ABB6A-2A0B-4D0F-B496-3D6B67EDD6D4}.Release|x86.ActiveCfg = Release|Any CPU
		{706ABB6A-2A0B-4D0F-B496-3D6B67EDD6D4}.Release|x86.Build.0 = Release|Any CPU
		{59210896-68D1-4A34-91CC-8D015ECA7061}.Debug|Any CPU.ActiveCfg = Debug|Any CPU
		{59210896-68D1-4A34-91CC-8D015ECA7061}.Debug|Any CPU.Build.0 = Debug|Any CPU
		{59210896-68D1-4A34-91CC-8D015ECA7061}.Debug|Mixed Platforms.ActiveCfg = Debug|x86
		{59210896-68D1-4A34-91CC-8D015ECA7061}.Debug|Mixed Platforms.Build.0 = Debug|x86
		{59210896-68D1-4A34-91CC-8D015ECA7061}.Debug|x86.ActiveCfg = Debug|x86
		{59210896-68D1-4A34-91CC-8D015ECA7061}.Debug|x86.Build.0 = Debug|x86
		{59210896-68D1-4A34-91CC-8D015ECA7061}.Release|Any CPU.ActiveCfg = Release|Any CPU
		{59210896-68D1-4A34-91CC-8D015ECA7061}.Release|Any CPU.Build.0 = Release|Any CPU
		{59210896-68D1-4A34-91CC-8D015ECA7061}.Release|Mixed Platforms.ActiveCfg = Release|x86
		{59210896-68D1-4A34-91CC-8D015ECA7061}.Release|Mixed Platforms.Build.0 = Release|x86
		{59210896-68D1-4A34-91CC-8D015ECA7061}.Release|x86.ActiveCfg = Release|x86
		{59210896-68D1-4A34-91CC-8D015ECA7061}.Release|x86.Build.0 = Release|x86
		{0D0B3748-C24C-464A-B051-B06C983831EF}.Debug|Any CPU.ActiveCfg = Debug|Any CPU
		{0D0B3748-C24C-464A-B051-B06C983831EF}.Debug|Any CPU.Build.0 = Debug|Any CPU
		{0D0B3748-C24C-464A-B051-B06C983831EF}.Debug|Mixed Platforms.ActiveCfg = Debug|Any CPU
		{0D0B3748-C24C-464A-B051-B06C983831EF}.Debug|Mixed Platforms.Build.0 = Debug|Any CPU
		{0D0B3748-C24C-464A-B051-B06C983831EF}.Debug|x86.ActiveCfg = Debug|Any CPU
		{0D0B3748-C24C-464A-B051-B06C983831EF}.Debug|x86.Build.0 = Debug|Any CPU
		{0D0B3748-C24C-464A-B051-B06C983831EF}.Release|Any CPU.ActiveCfg = Release|Any CPU
		{0D0B3748-C24C-464A-B051-B06C983831EF}.Release|Any CPU.Build.0 = Release|Any CPU
		{0D0B3748-C24C-464A-B051-B06C983831EF}.Release|Mixed Platforms.ActiveCfg = Release|Any CPU
		{0D0B3748-C24C-464A-B051-B06C983831EF}.Release|Mixed Platforms.Build.0 = Release|Any CPU
		{0D0B3748-C24C-464A-B051-B06C983831EF}.Release|x86.ActiveCfg = Release|Any CPU
		{0D0B3748-C24C-464A-B051-B06C983831EF}.Release|x86.Build.0 = Release|Any CPU
		{509C6ECA-AF36-4276-9B6F-BC59FC2F75AC}.Debug|Any CPU.ActiveCfg = Debug|Any CPU
		{509C6ECA-AF36-4276-9B6F-BC59FC2F75AC}.Debug|Any CPU.Build.0 = Debug|Any CPU
		{509C6ECA-AF36-4276-9B6F-BC59FC2F75AC}.Debug|Mixed Platforms.ActiveCfg = Debug|Any CPU
		{509C6ECA-AF36-4276-9B6F-BC59FC2F75AC}.Debug|Mixed Platforms.Build.0 = Debug|Any CPU
		{509C6ECA-AF36-4276-9B6F-BC59FC2F75AC}.Debug|x86.ActiveCfg = Debug|Any CPU
		{509C6ECA-AF36-4276-9B6F-BC59FC2F75AC}.Debug|x86.Build.0 = Debug|Any CPU
		{509C6ECA-AF36-4276-9B6F-BC59FC2F75AC}.Release|Any CPU.ActiveCfg = Release|Any CPU
		{509C6ECA-AF36-4276-9B6F-BC59FC2F75AC}.Release|Any CPU.Build.0 = Release|Any CPU
		{509C6ECA-AF36-4276-9B6F-BC59FC2F75AC}.Release|Mixed Platforms.ActiveCfg = Release|Any CPU
		{509C6ECA-AF36-4276-9B6F-BC59FC2F75AC}.Release|Mixed Platforms.Build.0 = Release|Any CPU
		{509C6ECA-AF36-4276-9B6F-BC59FC2F75AC}.Release|x86.ActiveCfg = Release|Any CPU
		{509C6ECA-AF36-4276-9B6F-BC59FC2F75AC}.Release|x86.Build.0 = Release|Any CPU
		{3749FA3F-E42D-4E28-A77C-68FE06DCD8D2}.Debug|Any CPU.ActiveCfg = Debug|Any CPU
		{3749FA3F-E42D-4E28-A77C-68FE06DCD8D2}.Debug|Any CPU.Build.0 = Debug|Any CPU
		{3749FA3F-E42D-4E28-A77C-68FE06DCD8D2}.Debug|Mixed Platforms.ActiveCfg = Debug|Any CPU
		{3749FA3F-E42D-4E28-A77C-68FE06DCD8D2}.Debug|Mixed Platforms.Build.0 = Debug|Any CPU
		{3749FA3F-E42D-4E28-A77C-68FE06DCD8D2}.Debug|x86.ActiveCfg = Debug|Any CPU
		{3749FA3F-E42D-4E28-A77C-68FE06DCD8D2}.Debug|x86.Build.0 = Debug|Any CPU
		{3749FA3F-E42D-4E28-A77C-68FE06DCD8D2}.Release|Any CPU.ActiveCfg = Release|Any CPU
		{3749FA3F-E42D-4E28-A77C-68FE06DCD8D2}.Release|Any CPU.Build.0 = Release|Any CPU
		{3749FA3F-E42D-4E28-A77C-68FE06DCD8D2}.Release|Mixed Platforms.ActiveCfg = Release|Any CPU
		{3749FA3F-E42D-4E28-A77C-68FE06DCD8D2}.Release|Mixed Platforms.Build.0 = Release|Any CPU
		{3749FA3F-E42D-4E28-A77C-68FE06DCD8D2}.Release|x86.ActiveCfg = Release|Any CPU
		{3749FA3F-E42D-4E28-A77C-68FE06DCD8D2}.Release|x86.Build.0 = Release|Any CPU
		{7B54432E-FB4C-4452-8590-E8D192D6137C}.Debug|Any CPU.ActiveCfg = Debug|Any CPU
		{7B54432E-FB4C-4452-8590-E8D192D6137C}.Debug|Any CPU.Build.0 = Debug|Any CPU
		{7B54432E-FB4C-4452-8590-E8D192D6137C}.Debug|Mixed Platforms.ActiveCfg = Debug|Any CPU
		{7B54432E-FB4C-4452-8590-E8D192D6137C}.Debug|Mixed Platforms.Build.0 = Debug|Any CPU
		{7B54432E-FB4C-4452-8590-E8D192D6137C}.Debug|x86.ActiveCfg = Debug|Any CPU
		{7B54432E-FB4C-4452-8590-E8D192D6137C}.Debug|x86.Build.0 = Debug|Any CPU
		{7B54432E-FB4C-4452-8590-E8D192D6137C}.Release|Any CPU.ActiveCfg = Release|Any CPU
		{7B54432E-FB4C-4452-8590-E8D192D6137C}.Release|Any CPU.Build.0 = Release|Any CPU
		{7B54432E-FB4C-4452-8590-E8D192D6137C}.Release|Mixed Platforms.ActiveCfg = Release|Any CPU
		{7B54432E-FB4C-4452-8590-E8D192D6137C}.Release|Mixed Platforms.Build.0 = Release|Any CPU
		{7B54432E-FB4C-4452-8590-E8D192D6137C}.Release|x86.ActiveCfg = Release|Any CPU
		{7B54432E-FB4C-4452-8590-E8D192D6137C}.Release|x86.Build.0 = Release|Any CPU
	EndGlobalSection
	GlobalSection(SolutionProperties) = preSolution
		HideSolutionNode = FALSE
	EndGlobalSection
EndGlobal
